// !$*UTF8*$!
{
	archiveVersion = 1;
	classes = {
	};
	objectVersion = 46;
	objects = {

/* Begin PBXBuildFile section */
		3102326119B889EC00E13EDD /* KRBluetoothScanner.m in Sources */ = {isa = PBXBuildFile; fileRef = 3102326019B889EC00E13EDD /* KRBluetoothScanner.m */; };
		3102326319B88ACD00E13EDD /* CoreBluetooth.framework in Frameworks */ = {isa = PBXBuildFile; fileRef = 3102326219B88ACD00E13EDD /* CoreBluetooth.framework */; };
		3108FE57163844C500A3D243 /* SCGetUserTracks.m in Sources */ = {isa = PBXBuildFile; fileRef = 3108FE56163844C500A3D243 /* SCGetUserTracks.m */; };
		3108FE5E1638451300A3D243 /* SCServiceAPI.m in Sources */ = {isa = PBXBuildFile; fileRef = 3108FE5D1638451300A3D243 /* SCServiceAPI.m */; };
		3108FE5F1638454400A3D243 /* SCServiceRequest.m in Sources */ = {isa = PBXBuildFile; fileRef = 31AD0A9716384273000CFD7B /* SCServiceRequest.m */; };
		3108FE691638460E00A3D243 /* KRTrack.m in Sources */ = {isa = PBXBuildFile; fileRef = 3108FE681638460E00A3D243 /* KRTrack.m */; };
		3113F29619E9471200BC29C8 /* 2727pt.png in Resources */ = {isa = PBXBuildFile; fileRef = 3113F26C19E9471200BC29C8 /* 2727pt.png */; };
		3113F29719E9471200BC29C8 /* 2727px.png in Resources */ = {isa = PBXBuildFile; fileRef = 3113F26D19E9471200BC29C8 /* 2727px.png */; };
		3113F29819E9471200BC29C8 /* 2929pt.png in Resources */ = {isa = PBXBuildFile; fileRef = 3113F26E19E9471200BC29C8 /* 2929pt.png */; };
		3113F29919E9471200BC29C8 /* 2929px.png in Resources */ = {isa = PBXBuildFile; fileRef = 3113F26F19E9471200BC29C8 /* 2929px.png */; };
		3113F29A19E9471200BC29C8 /* 4040pt.png in Resources */ = {isa = PBXBuildFile; fileRef = 3113F27019E9471200BC29C8 /* 4040pt.png */; };
		3113F29B19E9471200BC29C8 /* 4040px.png in Resources */ = {isa = PBXBuildFile; fileRef = 3113F27119E9471200BC29C8 /* 4040px.png */; };
		3113F29C19E9471200BC29C8 /* 5757pt.png in Resources */ = {isa = PBXBuildFile; fileRef = 3113F27219E9471200BC29C8 /* 5757pt.png */; };
		3113F29D19E9471200BC29C8 /* 5757px.png in Resources */ = {isa = PBXBuildFile; fileRef = 3113F27319E9471200BC29C8 /* 5757px.png */; };
		3113F29E19E9471200BC29C8 /* 5858pt.png in Resources */ = {isa = PBXBuildFile; fileRef = 3113F27419E9471200BC29C8 /* 5858pt.png */; };
		3113F29F19E9471200BC29C8 /* 5858px.png in Resources */ = {isa = PBXBuildFile; fileRef = 3113F27519E9471200BC29C8 /* 5858px.png */; };
		3113F2A019E9471200BC29C8 /* 6060pt.png in Resources */ = {isa = PBXBuildFile; fileRef = 3113F27619E9471200BC29C8 /* 6060pt.png */; };
		3113F2A119E9471200BC29C8 /* 6060px.png in Resources */ = {isa = PBXBuildFile; fileRef = 3113F27719E9471200BC29C8 /* 6060px.png */; };
		3113F2A219E9471200BC29C8 /* 7676pt.png in Resources */ = {isa = PBXBuildFile; fileRef = 3113F27819E9471200BC29C8 /* 7676pt.png */; };
		3113F2A319E9471200BC29C8 /* 7676px.png in Resources */ = {isa = PBXBuildFile; fileRef = 3113F27919E9471200BC29C8 /* 7676px.png */; };
		3113F2A419E9471200BC29C8 /* 8080pt.png in Resources */ = {isa = PBXBuildFile; fileRef = 3113F27A19E9471200BC29C8 /* 8080pt.png */; };
		3113F2A519E9471200BC29C8 /* 8080px.png in Resources */ = {isa = PBXBuildFile; fileRef = 3113F27B19E9471200BC29C8 /* 8080px.png */; };
		3113F2A619E9471200BC29C8 /* 114114pt.png in Resources */ = {isa = PBXBuildFile; fileRef = 3113F27C19E9471200BC29C8 /* 114114pt.png */; };
		3113F2A719E9471200BC29C8 /* 114114px.png in Resources */ = {isa = PBXBuildFile; fileRef = 3113F27D19E9471200BC29C8 /* 114114px.png */; };
		3113F2A819E9471200BC29C8 /* 120120pt.png in Resources */ = {isa = PBXBuildFile; fileRef = 3113F27E19E9471200BC29C8 /* 120120pt.png */; };
		3113F2A919E9471200BC29C8 /* 120120px.png in Resources */ = {isa = PBXBuildFile; fileRef = 3113F27F19E9471200BC29C8 /* 120120px.png */; };
		3113F2AA19E9471200BC29C8 /* 152152pt.png in Resources */ = {isa = PBXBuildFile; fileRef = 3113F28019E9471200BC29C8 /* 152152pt.png */; };
		3113F2AB19E9471200BC29C8 /* 152152px.png in Resources */ = {isa = PBXBuildFile; fileRef = 3113F28119E9471200BC29C8 /* 152152px.png */; };
		3113F2AC19E9471200BC29C8 /* 320480.png in Resources */ = {isa = PBXBuildFile; fileRef = 3113F28219E9471200BC29C8 /* 320480.png */; };
		3113F2AD19E9471200BC29C8 /* 361641.png in Resources */ = {isa = PBXBuildFile; fileRef = 3113F28319E9471200BC29C8 /* 361641.png */; };
		3113F2AE19E9471200BC29C8 /* 640960.png in Resources */ = {isa = PBXBuildFile; fileRef = 3113F28419E9471200BC29C8 /* 640960.png */; };
		3113F2AF19E9471200BC29C8 /* 801920.png in Resources */ = {isa = PBXBuildFile; fileRef = 3113F28519E9471200BC29C8 /* 801920.png */; };
		3113F2B019E9471200BC29C8 /* 1024768.png in Resources */ = {isa = PBXBuildFile; fileRef = 3113F28619E9471200BC29C8 /* 1024768.png */; };
		3113F2B119E9471200BC29C8 /* 6401136.png in Resources */ = {isa = PBXBuildFile; fileRef = 3113F28719E9471200BC29C8 /* 6401136.png */; };
		3113F2B219E9471200BC29C8 /* 7681024.png in Resources */ = {isa = PBXBuildFile; fileRef = 3113F28819E9471200BC29C8 /* 7681024.png */; };
		3113F2B319E9471200BC29C8 /* 10241024px.png in Resources */ = {isa = PBXBuildFile; fileRef = 3113F28919E9471200BC29C8 /* 10241024px.png */; };
		3113F2B419E9471200BC29C8 /* 12801920.png in Resources */ = {isa = PBXBuildFile; fileRef = 3113F28A19E9471200BC29C8 /* 12801920.png */; };
		3113F2B519E9471200BC29C8 /* 12802272.png in Resources */ = {isa = PBXBuildFile; fileRef = 3113F28B19E9471200BC29C8 /* 12802272.png */; };
		3113F2B619E9471200BC29C8 /* 15362048.png in Resources */ = {isa = PBXBuildFile; fileRef = 3113F28C19E9471200BC29C8 /* 15362048.png */; };
		3113F2B719E9471200BC29C8 /* 20481536.png in Resources */ = {isa = PBXBuildFile; fileRef = 3113F28D19E9471200BC29C8 /* 20481536.png */; };
		3113F2B819E9471200BC29C8 /* Info-Icon-black.png in Resources */ = {isa = PBXBuildFile; fileRef = 3113F28E19E9471200BC29C8 /* Info-Icon-black.png */; };
		3113F2B919E9471200BC29C8 /* Info-Icon-black@2x.png in Resources */ = {isa = PBXBuildFile; fileRef = 3113F28F19E9471200BC29C8 /* Info-Icon-black@2x.png */; };
		3113F2BA19E9471200BC29C8 /* Info-Icon.png in Resources */ = {isa = PBXBuildFile; fileRef = 3113F29019E9471200BC29C8 /* Info-Icon.png */; };
		3113F2BB19E9471200BC29C8 /* Info-Icon@2x.png in Resources */ = {isa = PBXBuildFile; fileRef = 3113F29119E9471200BC29C8 /* Info-Icon@2x.png */; };
		3121A6F81683BF15004747B6 /* KRMessageView.m in Sources */ = {isa = PBXBuildFile; fileRef = 3121A6F71683BF15004747B6 /* KRMessageView.m */; };
		3121D71F19E989A600DABAE6 /* Relative-Faux.otf in Resources */ = {isa = PBXBuildFile; fileRef = 3121D71E19E989A600DABAE6 /* Relative-Faux.otf */; };
		3121D72519E9965100DABAE6 /* 76.png in Resources */ = {isa = PBXBuildFile; fileRef = 3121D72419E9965100DABAE6 /* 76.png */; };
		3121D72719E9965700DABAE6 /* 152.png in Resources */ = {isa = PBXBuildFile; fileRef = 3121D72619E9965700DABAE6 /* 152.png */; };
		3121D72919E9968B00DABAE6 /* 120.png in Resources */ = {isa = PBXBuildFile; fileRef = 3121D72819E9968B00DABAE6 /* 120.png */; };
		3121D72B19E997A600DABAE6 /* AppIcon120x120.png in Resources */ = {isa = PBXBuildFile; fileRef = 3121D72A19E997A600DABAE6 /* AppIcon120x120.png */; };
		313E3C62163D96EB000165B7 /* MapKit.framework in Frameworks */ = {isa = PBXBuildFile; fileRef = 313E3C61163D96EB000165B7 /* MapKit.framework */; };
		313E3C8E163D9B89000165B7 /* KRMapPin.m in Sources */ = {isa = PBXBuildFile; fileRef = 313E3C8D163D9B89000165B7 /* KRMapPin.m */; };
		313FA7A719CF2ED200A0EDB5 /* KRBluetoothProducer.m in Sources */ = {isa = PBXBuildFile; fileRef = 313FA7A619CF2ED200A0EDB5 /* KRBluetoothProducer.m */; };
		3160FB3D1664001100CD7C72 /* KRBroadcaster.m in Sources */ = {isa = PBXBuildFile; fileRef = 3160FB3C1664001100CD7C72 /* KRBroadcaster.m */; };
		31650758183977FB008EFD90 /* Images.xcassets in Resources */ = {isa = PBXBuildFile; fileRef = 31650757183977FB008EFD90 /* Images.xcassets */; };
		31948B84163ABB8F002B85BD /* AVFoundation.framework in Frameworks */ = {isa = PBXBuildFile; fileRef = 31948B83163ABB8F002B85BD /* AVFoundation.framework */; };
		31AD0A5C1638424F000CFD7B /* UIKit.framework in Frameworks */ = {isa = PBXBuildFile; fileRef = 31AD0A5B1638424F000CFD7B /* UIKit.framework */; };
		31AD0A5E1638424F000CFD7B /* Foundation.framework in Frameworks */ = {isa = PBXBuildFile; fileRef = 31AD0A5D1638424F000CFD7B /* Foundation.framework */; };
		31AD0A601638424F000CFD7B /* CoreGraphics.framework in Frameworks */ = {isa = PBXBuildFile; fileRef = 31AD0A5F1638424F000CFD7B /* CoreGraphics.framework */; };
		31AD0A661638424F000CFD7B /* InfoPlist.strings in Resources */ = {isa = PBXBuildFile; fileRef = 31AD0A641638424F000CFD7B /* InfoPlist.strings */; };
		31AD0A681638424F000CFD7B /* main.m in Sources */ = {isa = PBXBuildFile; fileRef = 31AD0A671638424F000CFD7B /* main.m */; };
		31AD0A6C1638424F000CFD7B /* KRAppDelegate.m in Sources */ = {isa = PBXBuildFile; fileRef = 31AD0A6B1638424F000CFD7B /* KRAppDelegate.m */; };
		31AD0A751638424F000CFD7B /* MainStoryboard.storyboard in Resources */ = {isa = PBXBuildFile; fileRef = 31AD0A731638424F000CFD7B /* MainStoryboard.storyboard */; };
		31AD0A781638424F000CFD7B /* KRViewController.m in Sources */ = {isa = PBXBuildFile; fileRef = 31AD0A771638424F000CFD7B /* KRViewController.m */; };
		31AD0A801638424F000CFD7B /* SenTestingKit.framework in Frameworks */ = {isa = PBXBuildFile; fileRef = 31AD0A7F1638424F000CFD7B /* SenTestingKit.framework */; };
		31AD0A811638424F000CFD7B /* UIKit.framework in Frameworks */ = {isa = PBXBuildFile; fileRef = 31AD0A5B1638424F000CFD7B /* UIKit.framework */; };
		31AD0A821638424F000CFD7B /* Foundation.framework in Frameworks */ = {isa = PBXBuildFile; fileRef = 31AD0A5D1638424F000CFD7B /* Foundation.framework */; };
		31AD0A8A1638424F000CFD7B /* InfoPlist.strings in Resources */ = {isa = PBXBuildFile; fileRef = 31AD0A881638424F000CFD7B /* InfoPlist.strings */; };
		31AD0A8D1638424F000CFD7B /* KijkruimteTests.m in Sources */ = {isa = PBXBuildFile; fileRef = 31AD0A8C1638424F000CFD7B /* KijkruimteTests.m */; };
		31B4ECB4163A7D9F00BB5A31 /* KRTrackDetail.m in Sources */ = {isa = PBXBuildFile; fileRef = 31B4ECB3163A7D9F00BB5A31 /* KRTrackDetail.m */; };
		31B4ECB6163A82AF00BB5A31 /* SCGetTrackDetail.m in Sources */ = {isa = PBXBuildFile; fileRef = 31B4ECB5163A82AF00BB5A31 /* SCGetTrackDetail.m */; };
		31C4EC6118CB854600A4DAD5 /* KRGetWalks.m in Sources */ = {isa = PBXBuildFile; fileRef = 31C4EC6018CB854600A4DAD5 /* KRGetWalks.m */; };
		31C4EC6418CB866000A4DAD5 /* KRWalk.m in Sources */ = {isa = PBXBuildFile; fileRef = 31C4EC6318CB866000A4DAD5 /* KRWalk.m */; };
		31C4EC6718CB8AA200A4DAD5 /* KRWalkViewController.m in Sources */ = {isa = PBXBuildFile; fileRef = 31C4EC6618CB8AA200A4DAD5 /* KRWalkViewController.m */; };
		31C4EC6B18CC96EE00A4DAD5 /* WalkView.xib in Resources */ = {isa = PBXBuildFile; fileRef = 31C4EC6A18CC96EE00A4DAD5 /* WalkView.xib */; };
		31C4EC6E18CC977E00A4DAD5 /* KRWalkView.m in Sources */ = {isa = PBXBuildFile; fileRef = 31C4EC6D18CC977E00A4DAD5 /* KRWalkView.m */; };
		31E05000163AE7F30044F0F8 /* CoreLocation.framework in Frameworks */ = {isa = PBXBuildFile; fileRef = 31E04FFF163AE7F30044F0F8 /* CoreLocation.framework */; };
		31E6D2CC1648489F00BACF3F /* CFNetwork.framework in Frameworks */ = {isa = PBXBuildFile; fileRef = 31E6D2CB1648489F00BACF3F /* CFNetwork.framework */; };
		31EB851516C7A0FB0012230F /* KRInfoViewController.m in Sources */ = {isa = PBXBuildFile; fileRef = 31EB851416C7A0FB0012230F /* KRInfoViewController.m */; };
/* End PBXBuildFile section */

/* Begin PBXContainerItemProxy section */
		31AD0A831638424F000CFD7B /* PBXContainerItemProxy */ = {
			isa = PBXContainerItemProxy;
			containerPortal = 31AD0A4E1638424F000CFD7B /* Project object */;
			proxyType = 1;
			remoteGlobalIDString = 31AD0A561638424F000CFD7B;
			remoteInfo = Kijkruimte;
		};
/* End PBXContainerItemProxy section */

/* Begin PBXFileReference section */
		3102325F19B889EC00E13EDD /* KRBluetoothScanner.h */ = {isa = PBXFileReference; fileEncoding = 4; lastKnownFileType = sourcecode.c.h; path = KRBluetoothScanner.h; sourceTree = "<group>"; };
		3102326019B889EC00E13EDD /* KRBluetoothScanner.m */ = {isa = PBXFileReference; fileEncoding = 4; lastKnownFileType = sourcecode.c.objc; path = KRBluetoothScanner.m; sourceTree = "<group>"; };
		3102326219B88ACD00E13EDD /* CoreBluetooth.framework */ = {isa = PBXFileReference; lastKnownFileType = wrapper.framework; name = CoreBluetooth.framework; path = System/Library/Frameworks/CoreBluetooth.framework; sourceTree = SDKROOT; };
		3108FE55163844C500A3D243 /* SCGetUserTracks.h */ = {isa = PBXFileReference; fileEncoding = 4; lastKnownFileType = sourcecode.c.h; path = SCGetUserTracks.h; sourceTree = "<group>"; };
		3108FE56163844C500A3D243 /* SCGetUserTracks.m */ = {isa = PBXFileReference; fileEncoding = 4; lastKnownFileType = sourcecode.c.objc; path = SCGetUserTracks.m; sourceTree = "<group>"; };
		3108FE5C1638451300A3D243 /* SCServiceAPI.h */ = {isa = PBXFileReference; fileEncoding = 4; lastKnownFileType = sourcecode.c.h; path = SCServiceAPI.h; sourceTree = "<group>"; };
		3108FE5D1638451300A3D243 /* SCServiceAPI.m */ = {isa = PBXFileReference; fileEncoding = 4; lastKnownFileType = sourcecode.c.objc; path = SCServiceAPI.m; sourceTree = "<group>"; };
		3108FE671638460E00A3D243 /* KRTrack.h */ = {isa = PBXFileReference; fileEncoding = 4; lastKnownFileType = sourcecode.c.h; path = KRTrack.h; sourceTree = "<group>"; };
		3108FE681638460E00A3D243 /* KRTrack.m */ = {isa = PBXFileReference; fileEncoding = 4; lastKnownFileType = sourcecode.c.objc; path = KRTrack.m; sourceTree = "<group>"; };
		3113F26C19E9471200BC29C8 /* 2727pt.png */ = {isa = PBXFileReference; lastKnownFileType = image.png; path = 2727pt.png; sourceTree = "<group>"; };
		3113F26D19E9471200BC29C8 /* 2727px.png */ = {isa = PBXFileReference; lastKnownFileType = image.png; path = 2727px.png; sourceTree = "<group>"; };
		3113F26E19E9471200BC29C8 /* 2929pt.png */ = {isa = PBXFileReference; lastKnownFileType = image.png; path = 2929pt.png; sourceTree = "<group>"; };
		3113F26F19E9471200BC29C8 /* 2929px.png */ = {isa = PBXFileReference; lastKnownFileType = image.png; path = 2929px.png; sourceTree = "<group>"; };
		3113F27019E9471200BC29C8 /* 4040pt.png */ = {isa = PBXFileReference; lastKnownFileType = image.png; path = 4040pt.png; sourceTree = "<group>"; };
		3113F27119E9471200BC29C8 /* 4040px.png */ = {isa = PBXFileReference; lastKnownFileType = image.png; path = 4040px.png; sourceTree = "<group>"; };
		3113F27219E9471200BC29C8 /* 5757pt.png */ = {isa = PBXFileReference; lastKnownFileType = image.png; path = 5757pt.png; sourceTree = "<group>"; };
		3113F27319E9471200BC29C8 /* 5757px.png */ = {isa = PBXFileReference; lastKnownFileType = image.png; path = 5757px.png; sourceTree = "<group>"; };
		3113F27419E9471200BC29C8 /* 5858pt.png */ = {isa = PBXFileReference; lastKnownFileType = image.png; path = 5858pt.png; sourceTree = "<group>"; };
		3113F27519E9471200BC29C8 /* 5858px.png */ = {isa = PBXFileReference; lastKnownFileType = image.png; path = 5858px.png; sourceTree = "<group>"; };
		3113F27619E9471200BC29C8 /* 6060pt.png */ = {isa = PBXFileReference; lastKnownFileType = image.png; path = 6060pt.png; sourceTree = "<group>"; };
		3113F27719E9471200BC29C8 /* 6060px.png */ = {isa = PBXFileReference; lastKnownFileType = image.png; path = 6060px.png; sourceTree = "<group>"; };
		3113F27819E9471200BC29C8 /* 7676pt.png */ = {isa = PBXFileReference; lastKnownFileType = image.png; path = 7676pt.png; sourceTree = "<group>"; };
		3113F27919E9471200BC29C8 /* 7676px.png */ = {isa = PBXFileReference; lastKnownFileType = image.png; path = 7676px.png; sourceTree = "<group>"; };
		3113F27A19E9471200BC29C8 /* 8080pt.png */ = {isa = PBXFileReference; lastKnownFileType = image.png; path = 8080pt.png; sourceTree = "<group>"; };
		3113F27B19E9471200BC29C8 /* 8080px.png */ = {isa = PBXFileReference; lastKnownFileType = image.png; path = 8080px.png; sourceTree = "<group>"; };
		3113F27C19E9471200BC29C8 /* 114114pt.png */ = {isa = PBXFileReference; lastKnownFileType = image.png; path = 114114pt.png; sourceTree = "<group>"; };
		3113F27D19E9471200BC29C8 /* 114114px.png */ = {isa = PBXFileReference; lastKnownFileType = image.png; path = 114114px.png; sourceTree = "<group>"; };
		3113F27E19E9471200BC29C8 /* 120120pt.png */ = {isa = PBXFileReference; lastKnownFileType = image.png; path = 120120pt.png; sourceTree = "<group>"; };
		3113F27F19E9471200BC29C8 /* 120120px.png */ = {isa = PBXFileReference; lastKnownFileType = image.png; path = 120120px.png; sourceTree = "<group>"; };
		3113F28019E9471200BC29C8 /* 152152pt.png */ = {isa = PBXFileReference; lastKnownFileType = image.png; path = 152152pt.png; sourceTree = "<group>"; };
		3113F28119E9471200BC29C8 /* 152152px.png */ = {isa = PBXFileReference; lastKnownFileType = image.png; path = 152152px.png; sourceTree = "<group>"; };
		3113F28219E9471200BC29C8 /* 320480.png */ = {isa = PBXFileReference; lastKnownFileType = image.png; path = 320480.png; sourceTree = "<group>"; };
		3113F28319E9471200BC29C8 /* 361641.png */ = {isa = PBXFileReference; lastKnownFileType = image.png; path = 361641.png; sourceTree = "<group>"; };
		3113F28419E9471200BC29C8 /* 640960.png */ = {isa = PBXFileReference; lastKnownFileType = image.png; path = 640960.png; sourceTree = "<group>"; };
		3113F28519E9471200BC29C8 /* 801920.png */ = {isa = PBXFileReference; lastKnownFileType = image.png; path = 801920.png; sourceTree = "<group>"; };
		3113F28619E9471200BC29C8 /* 1024768.png */ = {isa = PBXFileReference; lastKnownFileType = image.png; path = 1024768.png; sourceTree = "<group>"; };
		3113F28719E9471200BC29C8 /* 6401136.png */ = {isa = PBXFileReference; lastKnownFileType = image.png; path = 6401136.png; sourceTree = "<group>"; };
		3113F28819E9471200BC29C8 /* 7681024.png */ = {isa = PBXFileReference; lastKnownFileType = image.png; path = 7681024.png; sourceTree = "<group>"; };
		3113F28919E9471200BC29C8 /* 10241024px.png */ = {isa = PBXFileReference; lastKnownFileType = image.png; path = 10241024px.png; sourceTree = "<group>"; };
		3113F28A19E9471200BC29C8 /* 12801920.png */ = {isa = PBXFileReference; lastKnownFileType = image.png; path = 12801920.png; sourceTree = "<group>"; };
		3113F28B19E9471200BC29C8 /* 12802272.png */ = {isa = PBXFileReference; lastKnownFileType = image.png; path = 12802272.png; sourceTree = "<group>"; };
		3113F28C19E9471200BC29C8 /* 15362048.png */ = {isa = PBXFileReference; lastKnownFileType = image.png; path = 15362048.png; sourceTree = "<group>"; };
		3113F28D19E9471200BC29C8 /* 20481536.png */ = {isa = PBXFileReference; lastKnownFileType = image.png; path = 20481536.png; sourceTree = "<group>"; };
		3113F28E19E9471200BC29C8 /* Info-Icon-black.png */ = {isa = PBXFileReference; lastKnownFileType = image.png; path = "Info-Icon-black.png"; sourceTree = "<group>"; };
		3113F28F19E9471200BC29C8 /* Info-Icon-black@2x.png */ = {isa = PBXFileReference; lastKnownFileType = image.png; path = "Info-Icon-black@2x.png"; sourceTree = "<group>"; };
		3113F29019E9471200BC29C8 /* Info-Icon.png */ = {isa = PBXFileReference; lastKnownFileType = image.png; path = "Info-Icon.png"; sourceTree = "<group>"; };
		3113F29119E9471200BC29C8 /* Info-Icon@2x.png */ = {isa = PBXFileReference; lastKnownFileType = image.png; path = "Info-Icon@2x.png"; sourceTree = "<group>"; };
		3113F2C019E94BB200BC29C8 /* IHS.framework */ = {isa = PBXFileReference; lastKnownFileType = wrapper.framework; name = IHS.framework; path = "../../Downloads/IHS-SDK-Beta-v1_90/SDK/IHS.framework"; sourceTree = "<group>"; };
		3121A6F61683BF15004747B6 /* KRMessageView.h */ = {isa = PBXFileReference; fileEncoding = 4; lastKnownFileType = sourcecode.c.h; path = KRMessageView.h; sourceTree = "<group>"; };
		3121A6F71683BF15004747B6 /* KRMessageView.m */ = {isa = PBXFileReference; fileEncoding = 4; lastKnownFileType = sourcecode.c.objc; path = KRMessageView.m; sourceTree = "<group>"; };
		3121D71E19E989A600DABAE6 /* Relative-Faux.otf */ = {isa = PBXFileReference; lastKnownFileType = file; path = "Relative-Faux.otf"; sourceTree = "<group>"; };
		3121D72419E9965100DABAE6 /* 76.png */ = {isa = PBXFileReference; lastKnownFileType = image.png; path = 76.png; sourceTree = "<group>"; };
		3121D72619E9965700DABAE6 /* 152.png */ = {isa = PBXFileReference; lastKnownFileType = image.png; path = 152.png; sourceTree = "<group>"; };
		3121D72819E9968B00DABAE6 /* 120.png */ = {isa = PBXFileReference; lastKnownFileType = image.png; path = 120.png; sourceTree = "<group>"; };
		3121D72A19E997A600DABAE6 /* AppIcon120x120.png */ = {isa = PBXFileReference; lastKnownFileType = image.png; path = AppIcon120x120.png; sourceTree = "<group>"; };
		313E3C61163D96EB000165B7 /* MapKit.framework */ = {isa = PBXFileReference; lastKnownFileType = wrapper.framework; name = MapKit.framework; path = System/Library/Frameworks/MapKit.framework; sourceTree = SDKROOT; };
		313E3C8C163D9B89000165B7 /* KRMapPin.h */ = {isa = PBXFileReference; fileEncoding = 4; lastKnownFileType = sourcecode.c.h; path = KRMapPin.h; sourceTree = "<group>"; };
		313E3C8D163D9B89000165B7 /* KRMapPin.m */ = {isa = PBXFileReference; fileEncoding = 4; lastKnownFileType = sourcecode.c.objc; path = KRMapPin.m; sourceTree = "<group>"; };
		313FA7A619CF2ED200A0EDB5 /* KRBluetoothProducer.m */ = {isa = PBXFileReference; fileEncoding = 4; lastKnownFileType = sourcecode.c.objc; path = KRBluetoothProducer.m; sourceTree = "<group>"; };
		313FA7A819CF2F1000A0EDB5 /* KRBluetoothProducer.h */ = {isa = PBXFileReference; lastKnownFileType = sourcecode.c.h; path = KRBluetoothProducer.h; sourceTree = "<group>"; };
		3160FB3B1664001100CD7C72 /* KRBroadcaster.h */ = {isa = PBXFileReference; fileEncoding = 4; lastKnownFileType = sourcecode.c.h; path = KRBroadcaster.h; sourceTree = "<group>"; };
		3160FB3C1664001100CD7C72 /* KRBroadcaster.m */ = {isa = PBXFileReference; fileEncoding = 4; lastKnownFileType = sourcecode.c.objc; path = KRBroadcaster.m; sourceTree = "<group>"; };
		31650757183977FB008EFD90 /* Images.xcassets */ = {isa = PBXFileReference; lastKnownFileType = folder.assetcatalog; path = Images.xcassets; sourceTree = "<group>"; };
		31948B83163ABB8F002B85BD /* AVFoundation.framework */ = {isa = PBXFileReference; lastKnownFileType = wrapper.framework; name = AVFoundation.framework; path = System/Library/Frameworks/AVFoundation.framework; sourceTree = SDKROOT; };
		31AD0A571638424F000CFD7B /* Kijkruimte.app */ = {isa = PBXFileReference; explicitFileType = wrapper.application; includeInIndex = 0; path = Kijkruimte.app; sourceTree = BUILT_PRODUCTS_DIR; };
		31AD0A5B1638424F000CFD7B /* UIKit.framework */ = {isa = PBXFileReference; lastKnownFileType = wrapper.framework; name = UIKit.framework; path = System/Library/Frameworks/UIKit.framework; sourceTree = SDKROOT; };
		31AD0A5D1638424F000CFD7B /* Foundation.framework */ = {isa = PBXFileReference; lastKnownFileType = wrapper.framework; name = Foundation.framework; path = System/Library/Frameworks/Foundation.framework; sourceTree = SDKROOT; };
		31AD0A5F1638424F000CFD7B /* CoreGraphics.framework */ = {isa = PBXFileReference; lastKnownFileType = wrapper.framework; name = CoreGraphics.framework; path = System/Library/Frameworks/CoreGraphics.framework; sourceTree = SDKROOT; };
		31AD0A631638424F000CFD7B /* Kijkruimte-Info.plist */ = {isa = PBXFileReference; lastKnownFileType = text.plist.xml; path = "Kijkruimte-Info.plist"; sourceTree = "<group>"; };
		31AD0A651638424F000CFD7B /* en */ = {isa = PBXFileReference; lastKnownFileType = text.plist.strings; name = en; path = en.lproj/InfoPlist.strings; sourceTree = "<group>"; };
		31AD0A671638424F000CFD7B /* main.m */ = {isa = PBXFileReference; lastKnownFileType = sourcecode.c.objc; path = main.m; sourceTree = "<group>"; };
		31AD0A691638424F000CFD7B /* Kijkruimte-Prefix.pch */ = {isa = PBXFileReference; lastKnownFileType = sourcecode.c.h; path = "Kijkruimte-Prefix.pch"; sourceTree = "<group>"; };
		31AD0A6A1638424F000CFD7B /* KRAppDelegate.h */ = {isa = PBXFileReference; lastKnownFileType = sourcecode.c.h; path = KRAppDelegate.h; sourceTree = "<group>"; };
		31AD0A6B1638424F000CFD7B /* KRAppDelegate.m */ = {isa = PBXFileReference; lastKnownFileType = sourcecode.c.objc; path = KRAppDelegate.m; sourceTree = "<group>"; };
		31AD0A741638424F000CFD7B /* en */ = {isa = PBXFileReference; lastKnownFileType = file.storyboard; name = en; path = en.lproj/MainStoryboard.storyboard; sourceTree = "<group>"; };
		31AD0A761638424F000CFD7B /* KRViewController.h */ = {isa = PBXFileReference; lastKnownFileType = sourcecode.c.h; path = KRViewController.h; sourceTree = "<group>"; };
		31AD0A771638424F000CFD7B /* KRViewController.m */ = {isa = PBXFileReference; lastKnownFileType = sourcecode.c.objc; path = KRViewController.m; sourceTree = "<group>"; };
		31AD0A7E1638424F000CFD7B /* KijkruimteTests.octest */ = {isa = PBXFileReference; explicitFileType = wrapper.cfbundle; includeInIndex = 0; path = KijkruimteTests.octest; sourceTree = BUILT_PRODUCTS_DIR; };
		31AD0A7F1638424F000CFD7B /* SenTestingKit.framework */ = {isa = PBXFileReference; lastKnownFileType = wrapper.framework; name = SenTestingKit.framework; path = Library/Frameworks/SenTestingKit.framework; sourceTree = DEVELOPER_DIR; };
		31AD0A871638424F000CFD7B /* KijkruimteTests-Info.plist */ = {isa = PBXFileReference; lastKnownFileType = text.plist.xml; path = "KijkruimteTests-Info.plist"; sourceTree = "<group>"; };
		31AD0A891638424F000CFD7B /* en */ = {isa = PBXFileReference; lastKnownFileType = text.plist.strings; name = en; path = en.lproj/InfoPlist.strings; sourceTree = "<group>"; };
		31AD0A8B1638424F000CFD7B /* KijkruimteTests.h */ = {isa = PBXFileReference; lastKnownFileType = sourcecode.c.h; path = KijkruimteTests.h; sourceTree = "<group>"; };
		31AD0A8C1638424F000CFD7B /* KijkruimteTests.m */ = {isa = PBXFileReference; lastKnownFileType = sourcecode.c.objc; path = KijkruimteTests.m; sourceTree = "<group>"; };
		31AD0A9616384273000CFD7B /* SCServiceRequest.h */ = {isa = PBXFileReference; fileEncoding = 4; lastKnownFileType = sourcecode.c.h; path = SCServiceRequest.h; sourceTree = "<group>"; };
		31AD0A9716384273000CFD7B /* SCServiceRequest.m */ = {isa = PBXFileReference; fileEncoding = 4; lastKnownFileType = sourcecode.c.objc; path = SCServiceRequest.m; sourceTree = "<group>"; };
		31B4ECAF163A799A00BB5A31 /* SCGetTrackDetail.h */ = {isa = PBXFileReference; fileEncoding = 4; lastKnownFileType = sourcecode.c.h; path = SCGetTrackDetail.h; sourceTree = "<group>"; };
		31B4ECB2163A7D9F00BB5A31 /* KRTrackDetail.h */ = {isa = PBXFileReference; fileEncoding = 4; lastKnownFileType = sourcecode.c.h; path = KRTrackDetail.h; sourceTree = "<group>"; };
		31B4ECB3163A7D9F00BB5A31 /* KRTrackDetail.m */ = {isa = PBXFileReference; fileEncoding = 4; lastKnownFileType = sourcecode.c.objc; path = KRTrackDetail.m; sourceTree = "<group>"; };
		31B4ECB5163A82AF00BB5A31 /* SCGetTrackDetail.m */ = {isa = PBXFileReference; fileEncoding = 4; lastKnownFileType = sourcecode.c.objc; path = SCGetTrackDetail.m; sourceTree = "<group>"; };
		31C4EC5F18CB854600A4DAD5 /* KRGetWalks.h */ = {isa = PBXFileReference; fileEncoding = 4; lastKnownFileType = sourcecode.c.h; path = KRGetWalks.h; sourceTree = "<group>"; };
		31C4EC6018CB854600A4DAD5 /* KRGetWalks.m */ = {isa = PBXFileReference; fileEncoding = 4; lastKnownFileType = sourcecode.c.objc; path = KRGetWalks.m; sourceTree = "<group>"; };
		31C4EC6218CB866000A4DAD5 /* KRWalk.h */ = {isa = PBXFileReference; fileEncoding = 4; lastKnownFileType = sourcecode.c.h; path = KRWalk.h; sourceTree = "<group>"; };
		31C4EC6318CB866000A4DAD5 /* KRWalk.m */ = {isa = PBXFileReference; fileEncoding = 4; lastKnownFileType = sourcecode.c.objc; path = KRWalk.m; sourceTree = "<group>"; };
		31C4EC6518CB8AA200A4DAD5 /* KRWalkViewController.h */ = {isa = PBXFileReference; fileEncoding = 4; lastKnownFileType = sourcecode.c.h; path = KRWalkViewController.h; sourceTree = "<group>"; };
		31C4EC6618CB8AA200A4DAD5 /* KRWalkViewController.m */ = {isa = PBXFileReference; fileEncoding = 4; lastKnownFileType = sourcecode.c.objc; path = KRWalkViewController.m; sourceTree = "<group>"; };
		31C4EC6A18CC96EE00A4DAD5 /* WalkView.xib */ = {isa = PBXFileReference; fileEncoding = 4; lastKnownFileType = file.xib; path = WalkView.xib; sourceTree = "<group>"; };
		31C4EC6C18CC977E00A4DAD5 /* KRWalkView.h */ = {isa = PBXFileReference; fileEncoding = 4; lastKnownFileType = sourcecode.c.h; path = KRWalkView.h; sourceTree = "<group>"; };
		31C4EC6D18CC977E00A4DAD5 /* KRWalkView.m */ = {isa = PBXFileReference; fileEncoding = 4; lastKnownFileType = sourcecode.c.objc; path = KRWalkView.m; sourceTree = "<group>"; };
		31E04FFF163AE7F30044F0F8 /* CoreLocation.framework */ = {isa = PBXFileReference; lastKnownFileType = wrapper.framework; name = CoreLocation.framework; path = System/Library/Frameworks/CoreLocation.framework; sourceTree = SDKROOT; };
		31E6D2CB1648489F00BACF3F /* CFNetwork.framework */ = {isa = PBXFileReference; lastKnownFileType = wrapper.framework; name = CFNetwork.framework; path = System/Library/Frameworks/CFNetwork.framework; sourceTree = SDKROOT; };
		31EB851316C7A0FB0012230F /* KRInfoViewController.h */ = {isa = PBXFileReference; fileEncoding = 4; lastKnownFileType = sourcecode.c.h; path = KRInfoViewController.h; sourceTree = "<group>"; };
		31EB851416C7A0FB0012230F /* KRInfoViewController.m */ = {isa = PBXFileReference; fileEncoding = 4; lastKnownFileType = sourcecode.c.objc; path = KRInfoViewController.m; sourceTree = "<group>"; };
/* End PBXFileReference section */

/* Begin PBXFrameworksBuildPhase section */
		31AD0A541638424F000CFD7B /* Frameworks */ = {
			isa = PBXFrameworksBuildPhase;
			buildActionMask = 2147483647;
			files = (
				3102326319B88ACD00E13EDD /* CoreBluetooth.framework in Frameworks */,
				31E6D2CC1648489F00BACF3F /* CFNetwork.framework in Frameworks */,
				313E3C62163D96EB000165B7 /* MapKit.framework in Frameworks */,
				31E05000163AE7F30044F0F8 /* CoreLocation.framework in Frameworks */,
				31948B84163ABB8F002B85BD /* AVFoundation.framework in Frameworks */,
				31AD0A5C1638424F000CFD7B /* UIKit.framework in Frameworks */,
				31AD0A5E1638424F000CFD7B /* Foundation.framework in Frameworks */,
				31AD0A601638424F000CFD7B /* CoreGraphics.framework in Frameworks */,
			);
			runOnlyForDeploymentPostprocessing = 0;
		};
		31AD0A7A1638424F000CFD7B /* Frameworks */ = {
			isa = PBXFrameworksBuildPhase;
			buildActionMask = 2147483647;
			files = (
				31AD0A801638424F000CFD7B /* SenTestingKit.framework in Frameworks */,
				31AD0A811638424F000CFD7B /* UIKit.framework in Frameworks */,
				31AD0A821638424F000CFD7B /* Foundation.framework in Frameworks */,
			);
			runOnlyForDeploymentPostprocessing = 0;
		};
/* End PBXFrameworksBuildPhase section */

/* Begin PBXGroup section */
		3108FE54163843FC00A3D243 /* Services */ = {
			isa = PBXGroup;
			children = (
				3108FE5C1638451300A3D243 /* SCServiceAPI.h */,
				3108FE5D1638451300A3D243 /* SCServiceAPI.m */,
				31AD0A9616384273000CFD7B /* SCServiceRequest.h */,
				31AD0A9716384273000CFD7B /* SCServiceRequest.m */,
				3108FE55163844C500A3D243 /* SCGetUserTracks.h */,
				3108FE56163844C500A3D243 /* SCGetUserTracks.m */,
				31B4ECAF163A799A00BB5A31 /* SCGetTrackDetail.h */,
				31B4ECB5163A82AF00BB5A31 /* SCGetTrackDetail.m */,
				31C4EC5F18CB854600A4DAD5 /* KRGetWalks.h */,
				31C4EC6018CB854600A4DAD5 /* KRGetWalks.m */,
			);
			name = Services;
			sourceTree = "<group>";
		};
		3108FE66163845FC00A3D243 /* Models */ = {
			isa = PBXGroup;
			children = (
				3108FE671638460E00A3D243 /* KRTrack.h */,
				3108FE681638460E00A3D243 /* KRTrack.m */,
				31B4ECB2163A7D9F00BB5A31 /* KRTrackDetail.h */,
				31B4ECB3163A7D9F00BB5A31 /* KRTrackDetail.m */,
				31C4EC6218CB866000A4DAD5 /* KRWalk.h */,
				31C4EC6318CB866000A4DAD5 /* KRWalk.m */,
			);
			name = Models;
			sourceTree = "<group>";
		};
		31AD0A4C1638424F000CFD7B = {
			isa = PBXGroup;
			children = (
				31E6D2CB1648489F00BACF3F /* CFNetwork.framework */,
				313E3C61163D96EB000165B7 /* MapKit.framework */,
				31E04FFF163AE7F30044F0F8 /* CoreLocation.framework */,
				31948B83163ABB8F002B85BD /* AVFoundation.framework */,
				31AD0A611638424F000CFD7B /* Kijkruimte */,
				31AD0A851638424F000CFD7B /* KijkruimteTests */,
				31AD0A5A1638424F000CFD7B /* Frameworks */,
				31AD0A581638424F000CFD7B /* Products */,
			);
			sourceTree = "<group>";
		};
		31AD0A581638424F000CFD7B /* Products */ = {
			isa = PBXGroup;
			children = (
				31AD0A571638424F000CFD7B /* Kijkruimte.app */,
				31AD0A7E1638424F000CFD7B /* KijkruimteTests.octest */,
			);
			name = Products;
			sourceTree = "<group>";
		};
		31AD0A5A1638424F000CFD7B /* Frameworks */ = {
			isa = PBXGroup;
			children = (
				3113F2C019E94BB200BC29C8 /* IHS.framework */,
				3102326219B88ACD00E13EDD /* CoreBluetooth.framework */,
				31AD0A5B1638424F000CFD7B /* UIKit.framework */,
				31AD0A5D1638424F000CFD7B /* Foundation.framework */,
				31AD0A5F1638424F000CFD7B /* CoreGraphics.framework */,
				31AD0A7F1638424F000CFD7B /* SenTestingKit.framework */,
			);
			name = Frameworks;
			sourceTree = "<group>";
		};
		31AD0A611638424F000CFD7B /* Kijkruimte */ = {
			isa = PBXGroup;
			children = (
				31E4D632163F02E300A05763 /* Assets */,
				3108FE66163845FC00A3D243 /* Models */,
				3108FE54163843FC00A3D243 /* Services */,
				31AD0A6A1638424F000CFD7B /* KRAppDelegate.h */,
				31AD0A6B1638424F000CFD7B /* KRAppDelegate.m */,
				31AD0A731638424F000CFD7B /* MainStoryboard.storyboard */,
				31AD0A761638424F000CFD7B /* KRViewController.h */,
				31AD0A771638424F000CFD7B /* KRViewController.m */,
				31AD0A621638424F000CFD7B /* Supporting Files */,
				313E3C8C163D9B89000165B7 /* KRMapPin.h */,
				313E3C8D163D9B89000165B7 /* KRMapPin.m */,
				3160FB3B1664001100CD7C72 /* KRBroadcaster.h */,
				3160FB3C1664001100CD7C72 /* KRBroadcaster.m */,
				3121A6F61683BF15004747B6 /* KRMessageView.h */,
				3121A6F71683BF15004747B6 /* KRMessageView.m */,
				31EB851316C7A0FB0012230F /* KRInfoViewController.h */,
				31EB851416C7A0FB0012230F /* KRInfoViewController.m */,
				31650757183977FB008EFD90 /* Images.xcassets */,
				31C4EC6518CB8AA200A4DAD5 /* KRWalkViewController.h */,
				31C4EC6618CB8AA200A4DAD5 /* KRWalkViewController.m */,
				31C4EC6A18CC96EE00A4DAD5 /* WalkView.xib */,
				31C4EC6C18CC977E00A4DAD5 /* KRWalkView.h */,
				31C4EC6D18CC977E00A4DAD5 /* KRWalkView.m */,
				3102325F19B889EC00E13EDD /* KRBluetoothScanner.h */,
				3102326019B889EC00E13EDD /* KRBluetoothScanner.m */,
				313FA7A819CF2F1000A0EDB5 /* KRBluetoothProducer.h */,
				313FA7A619CF2ED200A0EDB5 /* KRBluetoothProducer.m */,
			);
			path = Kijkruimte;
			sourceTree = "<group>";
		};
		31AD0A621638424F000CFD7B /* Supporting Files */ = {
			isa = PBXGroup;
			children = (
				31AD0A631638424F000CFD7B /* Kijkruimte-Info.plist */,
				31AD0A641638424F000CFD7B /* InfoPlist.strings */,
				31AD0A671638424F000CFD7B /* main.m */,
				31AD0A691638424F000CFD7B /* Kijkruimte-Prefix.pch */,
			);
			name = "Supporting Files";
			sourceTree = "<group>";
		};
		31AD0A851638424F000CFD7B /* KijkruimteTests */ = {
			isa = PBXGroup;
			children = (
				31AD0A8B1638424F000CFD7B /* KijkruimteTests.h */,
				31AD0A8C1638424F000CFD7B /* KijkruimteTests.m */,
				31AD0A861638424F000CFD7B /* Supporting Files */,
			);
			path = KijkruimteTests;
			sourceTree = "<group>";
		};
		31AD0A861638424F000CFD7B /* Supporting Files */ = {
			isa = PBXGroup;
			children = (
				31AD0A871638424F000CFD7B /* KijkruimteTests-Info.plist */,
				31AD0A881638424F000CFD7B /* InfoPlist.strings */,
			);
			name = "Supporting Files";
			sourceTree = "<group>";
		};
		31E4D632163F02E300A05763 /* Assets */ = {
			isa = PBXGroup;
			children = (
				3121D72A19E997A600DABAE6 /* AppIcon120x120.png */,
				3121D72819E9968B00DABAE6 /* 120.png */,
				3121D72619E9965700DABAE6 /* 152.png */,
				3121D72419E9965100DABAE6 /* 76.png */,
				3121D71E19E989A600DABAE6 /* Relative-Faux.otf */,
				3113F26C19E9471200BC29C8 /* 2727pt.png */,
				3113F26D19E9471200BC29C8 /* 2727px.png */,
				3113F26E19E9471200BC29C8 /* 2929pt.png */,
				3113F26F19E9471200BC29C8 /* 2929px.png */,
				3113F27019E9471200BC29C8 /* 4040pt.png */,
				3113F27119E9471200BC29C8 /* 4040px.png */,
				3113F27219E9471200BC29C8 /* 5757pt.png */,
				3113F27319E9471200BC29C8 /* 5757px.png */,
				3113F27419E9471200BC29C8 /* 5858pt.png */,
				3113F27519E9471200BC29C8 /* 5858px.png */,
				3113F27619E9471200BC29C8 /* 6060pt.png */,
				3113F27719E9471200BC29C8 /* 6060px.png */,
				3113F27819E9471200BC29C8 /* 7676pt.png */,
				3113F27919E9471200BC29C8 /* 7676px.png */,
				3113F27A19E9471200BC29C8 /* 8080pt.png */,
				3113F27B19E9471200BC29C8 /* 8080px.png */,
				3113F27C19E9471200BC29C8 /* 114114pt.png */,
				3113F27D19E9471200BC29C8 /* 114114px.png */,
				3113F27E19E9471200BC29C8 /* 120120pt.png */,
				3113F27F19E9471200BC29C8 /* 120120px.png */,
				3113F28019E9471200BC29C8 /* 152152pt.png */,
				3113F28119E9471200BC29C8 /* 152152px.png */,
				3113F28219E9471200BC29C8 /* 320480.png */,
				3113F28319E9471200BC29C8 /* 361641.png */,
				3113F28419E9471200BC29C8 /* 640960.png */,
				3113F28519E9471200BC29C8 /* 801920.png */,
				3113F28619E9471200BC29C8 /* 1024768.png */,
				3113F28719E9471200BC29C8 /* 6401136.png */,
				3113F28819E9471200BC29C8 /* 7681024.png */,
				3113F28919E9471200BC29C8 /* 10241024px.png */,
				3113F28A19E9471200BC29C8 /* 12801920.png */,
				3113F28B19E9471200BC29C8 /* 12802272.png */,
				3113F28C19E9471200BC29C8 /* 15362048.png */,
				3113F28D19E9471200BC29C8 /* 20481536.png */,
				3113F28E19E9471200BC29C8 /* Info-Icon-black.png */,
				3113F28F19E9471200BC29C8 /* Info-Icon-black@2x.png */,
				3113F29019E9471200BC29C8 /* Info-Icon.png */,
				3113F29119E9471200BC29C8 /* Info-Icon@2x.png */,
			);
			name = Assets;
			sourceTree = "<group>";
		};
/* End PBXGroup section */

/* Begin PBXNativeTarget section */
		31AD0A561638424F000CFD7B /* Kijkruimte */ = {
			isa = PBXNativeTarget;
			buildConfigurationList = 31AD0A901638424F000CFD7B /* Build configuration list for PBXNativeTarget "Kijkruimte" */;
			buildPhases = (
				31AD0A531638424F000CFD7B /* Sources */,
				31AD0A541638424F000CFD7B /* Frameworks */,
				31AD0A551638424F000CFD7B /* Resources */,
			);
			buildRules = (
			);
			dependencies = (
			);
			name = Kijkruimte;
			productName = Kijkruimte;
			productReference = 31AD0A571638424F000CFD7B /* Kijkruimte.app */;
			productType = "com.apple.product-type.application";
		};
		31AD0A7D1638424F000CFD7B /* KijkruimteTests */ = {
			isa = PBXNativeTarget;
			buildConfigurationList = 31AD0A931638424F000CFD7B /* Build configuration list for PBXNativeTarget "KijkruimteTests" */;
			buildPhases = (
				31AD0A791638424F000CFD7B /* Sources */,
				31AD0A7A1638424F000CFD7B /* Frameworks */,
				31AD0A7B1638424F000CFD7B /* Resources */,
				31AD0A7C1638424F000CFD7B /* ShellScript */,
			);
			buildRules = (
			);
			dependencies = (
				31AD0A841638424F000CFD7B /* PBXTargetDependency */,
			);
			name = KijkruimteTests;
			productName = KijkruimteTests;
			productReference = 31AD0A7E1638424F000CFD7B /* KijkruimteTests.octest */;
			productType = "com.apple.product-type.bundle.ocunit-test";
		};
/* End PBXNativeTarget section */

/* Begin PBXProject section */
		31AD0A4E1638424F000CFD7B /* Project object */ = {
			isa = PBXProject;
			attributes = {
				CLASSPREFIX = KR;
				LastUpgradeCheck = 0510;
				ORGANIZATIONNAME = Hipstart;
				TargetAttributes = {
					31AD0A561638424F000CFD7B = {
						DevelopmentTeam = 5MY66TA232;
					};
				};
			};
			buildConfigurationList = 31AD0A511638424F000CFD7B /* Build configuration list for PBXProject "Kijkruimte" */;
			compatibilityVersion = "Xcode 3.2";
			developmentRegion = English;
			hasScannedForEncodings = 0;
			knownRegions = (
				en,
			);
			mainGroup = 31AD0A4C1638424F000CFD7B;
			productRefGroup = 31AD0A581638424F000CFD7B /* Products */;
			projectDirPath = "";
			projectRoot = "";
			targets = (
				31AD0A561638424F000CFD7B /* Kijkruimte */,
				31AD0A7D1638424F000CFD7B /* KijkruimteTests */,
			);
		};
/* End PBXProject section */

/* Begin PBXResourcesBuildPhase section */
		31AD0A551638424F000CFD7B /* Resources */ = {
			isa = PBXResourcesBuildPhase;
			buildActionMask = 2147483647;
			files = (
				3121D72B19E997A600DABAE6 /* AppIcon120x120.png in Resources */,
				3113F29C19E9471200BC29C8 /* 5757pt.png in Resources */,
				3113F2AF19E9471200BC29C8 /* 801920.png in Resources */,
				3113F2A219E9471200BC29C8 /* 7676pt.png in Resources */,
				3113F2B119E9471200BC29C8 /* 6401136.png in Resources */,
				3121D72519E9965100DABAE6 /* 76.png in Resources */,
				3113F2A419E9471200BC29C8 /* 8080pt.png in Resources */,
				3113F2AC19E9471200BC29C8 /* 320480.png in Resources */,
				3113F2BA19E9471200BC29C8 /* Info-Icon.png in Resources */,
				3113F2A119E9471200BC29C8 /* 6060px.png in Resources */,
				3113F29A19E9471200BC29C8 /* 4040pt.png in Resources */,
				3113F2A919E9471200BC29C8 /* 120120px.png in Resources */,
				3113F2A519E9471200BC29C8 /* 8080px.png in Resources */,
				3113F2B219E9471200BC29C8 /* 7681024.png in Resources */,
				3121D72919E9968B00DABAE6 /* 120.png in Resources */,
				3113F2AE19E9471200BC29C8 /* 640960.png in Resources */,
				3113F2AB19E9471200BC29C8 /* 152152px.png in Resources */,
				3113F29B19E9471200BC29C8 /* 4040px.png in Resources */,
				3113F2AD19E9471200BC29C8 /* 361641.png in Resources */,
				3113F2AA19E9471200BC29C8 /* 152152pt.png in Resources */,
				3113F2A619E9471200BC29C8 /* 114114pt.png in Resources */,
				3113F2A319E9471200BC29C8 /* 7676px.png in Resources */,
				31AD0A661638424F000CFD7B /* InfoPlist.strings in Resources */,
				3113F2B519E9471200BC29C8 /* 12802272.png in Resources */,
				3113F29719E9471200BC29C8 /* 2727px.png in Resources */,
				3113F2B019E9471200BC29C8 /* 1024768.png in Resources */,
				3113F2A819E9471200BC29C8 /* 120120pt.png in Resources */,
				3121D72719E9965700DABAE6 /* 152.png in Resources */,
				3121D71F19E989A600DABAE6 /* Relative-Faux.otf in Resources */,
				3113F2B919E9471200BC29C8 /* Info-Icon-black@2x.png in Resources */,
				3113F2BB19E9471200BC29C8 /* Info-Icon@2x.png in Resources */,
				3113F2A719E9471200BC29C8 /* 114114px.png in Resources */,
				3113F29E19E9471200BC29C8 /* 5858pt.png in Resources */,
				3113F2B819E9471200BC29C8 /* Info-Icon-black.png in Resources */,
				31650758183977FB008EFD90 /* Images.xcassets in Resources */,
				3113F2B719E9471200BC29C8 /* 20481536.png in Resources */,
				3113F29919E9471200BC29C8 /* 2929px.png in Resources */,
				3113F2B419E9471200BC29C8 /* 12801920.png in Resources */,
				3113F29819E9471200BC29C8 /* 2929pt.png in Resources */,
				31AD0A751638424F000CFD7B /* MainStoryboard.storyboard in Resources */,
				3113F29D19E9471200BC29C8 /* 5757px.png in Resources */,
				3113F2B319E9471200BC29C8 /* 10241024px.png in Resources */,
				3113F2A019E9471200BC29C8 /* 6060pt.png in Resources */,
				3113F29619E9471200BC29C8 /* 2727pt.png in Resources */,
				31C4EC6B18CC96EE00A4DAD5 /* WalkView.xib in Resources */,
				3113F2B619E9471200BC29C8 /* 15362048.png in Resources */,
				3113F29F19E9471200BC29C8 /* 5858px.png in Resources */,
			);
			runOnlyForDeploymentPostprocessing = 0;
		};
		31AD0A7B1638424F000CFD7B /* Resources */ = {
			isa = PBXResourcesBuildPhase;
			buildActionMask = 2147483647;
			files = (
				31AD0A8A1638424F000CFD7B /* InfoPlist.strings in Resources */,
			);
			runOnlyForDeploymentPostprocessing = 0;
		};
/* End PBXResourcesBuildPhase section */

/* Begin PBXShellScriptBuildPhase section */
		31AD0A7C1638424F000CFD7B /* ShellScript */ = {
			isa = PBXShellScriptBuildPhase;
			buildActionMask = 2147483647;
			files = (
			);
			inputPaths = (
			);
			outputPaths = (
			);
			runOnlyForDeploymentPostprocessing = 0;
			shellPath = /bin/sh;
			shellScript = "# Run the unit tests in this test bundle.\n\"${SYSTEM_DEVELOPER_DIR}/Tools/RunUnitTests\"\n";
		};
/* End PBXShellScriptBuildPhase section */

/* Begin PBXSourcesBuildPhase section */
		31AD0A531638424F000CFD7B /* Sources */ = {
			isa = PBXSourcesBuildPhase;
			buildActionMask = 2147483647;
			files = (
				31C4EC6418CB866000A4DAD5 /* KRWalk.m in Sources */,
				31C4EC6118CB854600A4DAD5 /* KRGetWalks.m in Sources */,
				3108FE5F1638454400A3D243 /* SCServiceRequest.m in Sources */,
				31C4EC6E18CC977E00A4DAD5 /* KRWalkView.m in Sources */,
				31AD0A681638424F000CFD7B /* main.m in Sources */,
				31AD0A6C1638424F000CFD7B /* KRAppDelegate.m in Sources */,
				31AD0A781638424F000CFD7B /* KRViewController.m in Sources */,
				3108FE57163844C500A3D243 /* SCGetUserTracks.m in Sources */,
				3102326119B889EC00E13EDD /* KRBluetoothScanner.m in Sources */,
				3108FE5E1638451300A3D243 /* SCServiceAPI.m in Sources */,
				3108FE691638460E00A3D243 /* KRTrack.m in Sources */,
				31B4ECB4163A7D9F00BB5A31 /* KRTrackDetail.m in Sources */,
				31B4ECB6163A82AF00BB5A31 /* SCGetTrackDetail.m in Sources */,
				313E3C8E163D9B89000165B7 /* KRMapPin.m in Sources */,
				31C4EC6718CB8AA200A4DAD5 /* KRWalkViewController.m in Sources */,
				313FA7A719CF2ED200A0EDB5 /* KRBluetoothProducer.m in Sources */,
				3160FB3D1664001100CD7C72 /* KRBroadcaster.m in Sources */,
				3121A6F81683BF15004747B6 /* KRMessageView.m in Sources */,
				31EB851516C7A0FB0012230F /* KRInfoViewController.m in Sources */,
			);
			runOnlyForDeploymentPostprocessing = 0;
		};
		31AD0A791638424F000CFD7B /* Sources */ = {
			isa = PBXSourcesBuildPhase;
			buildActionMask = 2147483647;
			files = (
				31AD0A8D1638424F000CFD7B /* KijkruimteTests.m in Sources */,
			);
			runOnlyForDeploymentPostprocessing = 0;
		};
/* End PBXSourcesBuildPhase section */

/* Begin PBXTargetDependency section */
		31AD0A841638424F000CFD7B /* PBXTargetDependency */ = {
			isa = PBXTargetDependency;
			target = 31AD0A561638424F000CFD7B /* Kijkruimte */;
			targetProxy = 31AD0A831638424F000CFD7B /* PBXContainerItemProxy */;
		};
/* End PBXTargetDependency section */

/* Begin PBXVariantGroup section */
		31AD0A641638424F000CFD7B /* InfoPlist.strings */ = {
			isa = PBXVariantGroup;
			children = (
				31AD0A651638424F000CFD7B /* en */,
			);
			name = InfoPlist.strings;
			sourceTree = "<group>";
		};
		31AD0A731638424F000CFD7B /* MainStoryboard.storyboard */ = {
			isa = PBXVariantGroup;
			children = (
				31AD0A741638424F000CFD7B /* en */,
			);
			name = MainStoryboard.storyboard;
			sourceTree = "<group>";
		};
		31AD0A881638424F000CFD7B /* InfoPlist.strings */ = {
			isa = PBXVariantGroup;
			children = (
				31AD0A891638424F000CFD7B /* en */,
			);
			name = InfoPlist.strings;
			sourceTree = "<group>";
		};
/* End PBXVariantGroup section */

/* Begin XCBuildConfiguration section */
		31AD0A8E1638424F000CFD7B /* Debug */ = {
			isa = XCBuildConfiguration;
			buildSettings = {
				ALWAYS_SEARCH_USER_PATHS = NO;
				CLANG_CXX_LANGUAGE_STANDARD = "gnu++0x";
				CLANG_CXX_LIBRARY = "libc++";
				CLANG_ENABLE_OBJC_ARC = YES;
				CLANG_WARN_EMPTY_BODY = YES;
				CLANG_WARN__DUPLICATE_METHOD_MATCH = YES;
				"CODE_SIGN_IDENTITY[sdk=iphoneos*]" = "iPhone Developer";
				COPY_PHASE_STRIP = NO;
				GCC_C_LANGUAGE_STANDARD = gnu99;
				GCC_DYNAMIC_NO_PIC = NO;
				GCC_OPTIMIZATION_LEVEL = 0;
				GCC_PREPROCESSOR_DEFINITIONS = (
					"DEBUG=1",
					"$(inherited)",
				);
				GCC_SYMBOLS_PRIVATE_EXTERN = NO;
				GCC_WARN_ABOUT_RETURN_TYPE = YES;
				GCC_WARN_UNINITIALIZED_AUTOS = YES;
				GCC_WARN_UNUSED_VARIABLE = YES;
				IPHONEOS_DEPLOYMENT_TARGET = 6.0;
				ONLY_ACTIVE_ARCH = YES;
				SDKROOT = iphoneos;
			};
			name = Debug;
		};
		31AD0A8F1638424F000CFD7B /* Release */ = {
			isa = XCBuildConfiguration;
			buildSettings = {
				ALWAYS_SEARCH_USER_PATHS = NO;
				CLANG_CXX_LANGUAGE_STANDARD = "gnu++0x";
				CLANG_CXX_LIBRARY = "libc++";
				CLANG_ENABLE_OBJC_ARC = YES;
				CLANG_WARN_EMPTY_BODY = YES;
				CLANG_WARN__DUPLICATE_METHOD_MATCH = YES;
				"CODE_SIGN_IDENTITY[sdk=iphoneos*]" = "iPhone Distribution: James Graves";
				COPY_PHASE_STRIP = YES;
				GCC_C_LANGUAGE_STANDARD = gnu99;
				GCC_WARN_ABOUT_RETURN_TYPE = YES;
				GCC_WARN_UNINITIALIZED_AUTOS = YES;
				GCC_WARN_UNUSED_VARIABLE = YES;
				IPHONEOS_DEPLOYMENT_TARGET = 6.0;
				OTHER_CFLAGS = "-DNS_BLOCK_ASSERTIONS=1";
				"PROVISIONING_PROFILE[sdk=iphoneos*]" = "96B9FDBC-B028-4E26-AB9D-1FD69206EA61";
				SDKROOT = iphoneos;
				VALIDATE_PRODUCT = YES;
			};
			name = Release;
		};
		31AD0A911638424F000CFD7B /* Debug */ = {
			isa = XCBuildConfiguration;
			buildSettings = {
				ASSETCATALOG_COMPILER_APPICON_NAME = AppIcon;
				ASSETCATALOG_COMPILER_LAUNCHIMAGE_NAME = LaunchImage;
				CODE_SIGN_IDENTITY = "iPhone Developer: Klasien van de Zandschulp (2U5PP7ARKJ)";
				"CODE_SIGN_IDENTITY[sdk=iphoneos*]" = "iPhone Developer: Klasien van de Zandschulp (2U5PP7ARKJ)";
				FRAMEWORK_SEARCH_PATHS = (
					"$(inherited)",
					"/Users/jbg/Downloads/IHS-SDK-Beta-v1_90/SDK",
				);
				GCC_PRECOMPILE_PREFIX_HEADER = YES;
				GCC_PREFIX_HEADER = "Kijkruimte/Kijkruimte-Prefix.pch";
				INFOPLIST_FILE = "Kijkruimte/Kijkruimte-Info.plist";
				IPHONEOS_DEPLOYMENT_TARGET = 7.1;
				PRODUCT_NAME = "$(TARGET_NAME)";
				PROVISIONING_PROFILE = "6d193142-bccc-4a9d-9035-e4ea4212181b";
				"PROVISIONING_PROFILE[sdk=iphoneos*]" = "6d193142-bccc-4a9d-9035-e4ea4212181b";
				TARGETED_DEVICE_FAMILY = "1,2";
				WRAPPER_EXTENSION = app;
			};
			name = Debug;
		};
		31AD0A921638424F000CFD7B /* Release */ = {
			isa = XCBuildConfiguration;
			buildSettings = {
				ASSETCATALOG_COMPILER_APPICON_NAME = AppIcon;
				ASSETCATALOG_COMPILER_LAUNCHIMAGE_NAME = LaunchImage;
				CODE_SIGN_IDENTITY = "";
				"CODE_SIGN_IDENTITY[sdk=iphoneos*]" = "";
				FRAMEWORK_SEARCH_PATHS = (
					"$(inherited)",
					"/Users/jbg/Downloads/IHS-SDK-Beta-v1_90/SDK",
				);
				GCC_PRECOMPILE_PREFIX_HEADER = YES;
				GCC_PREFIX_HEADER = "Kijkruimte/Kijkruimte-Prefix.pch";
				INFOPLIST_FILE = "Kijkruimte/Kijkruimte-Info.plist";
				IPHONEOS_DEPLOYMENT_TARGET = 7.1;
				PRODUCT_NAME = "$(TARGET_NAME)";
				PROVISIONING_PROFILE = "6d193142-bccc-4a9d-9035-e4ea4212181b";
				"PROVISIONING_PROFILE[sdk=iphoneos*]" = "6d193142-bccc-4a9d-9035-e4ea4212181b";
				TARGETED_DEVICE_FAMILY = "1,2";
				WRAPPER_EXTENSION = app;
			};
			name = Release;
		};
		31AD0A941638424F000CFD7B /* Debug */ = {
			isa = XCBuildConfiguration;
			buildSettings = {
				BUNDLE_LOADER = "$(BUILT_PRODUCTS_DIR)/Kijkruimte.app/Kijkruimte";
				FRAMEWORK_SEARCH_PATHS = (
					"\"$(SDKROOT)/Developer/Library/Frameworks\"",
					"\"$(DEVELOPER_LIBRARY_DIR)/Frameworks\"",
				);
				GCC_PRECOMPILE_PREFIX_HEADER = YES;
				GCC_PREFIX_HEADER = "Kijkruimte/Kijkruimte-Prefix.pch";
				INFOPLIST_FILE = "KijkruimteTests/KijkruimteTests-Info.plist";
				PRODUCT_NAME = "$(TARGET_NAME)";
				TEST_HOST = "$(BUNDLE_LOADER)";
				WRAPPER_EXTENSION = octest;
			};
			name = Debug;
		};
		31AD0A951638424F000CFD7B /* Release */ = {
			isa = XCBuildConfiguration;
			buildSettings = {
				BUNDLE_LOADER = "$(BUILT_PRODUCTS_DIR)/Kijkruimte.app/Kijkruimte";
				FRAMEWORK_SEARCH_PATHS = (
					"\"$(SDKROOT)/Developer/Library/Frameworks\"",
					"\"$(DEVELOPER_LIBRARY_DIR)/Frameworks\"",
				);
				GCC_PRECOMPILE_PREFIX_HEADER = YES;
				GCC_PREFIX_HEADER = "Kijkruimte/Kijkruimte-Prefix.pch";
				INFOPLIST_FILE = "KijkruimteTests/KijkruimteTests-Info.plist";
				PRODUCT_NAME = "$(TARGET_NAME)";
				TEST_HOST = "$(BUNDLE_LOADER)";
				WRAPPER_EXTENSION = octest;
			};
			name = Release;
		};
/* End XCBuildConfiguration section */

/* Begin XCConfigurationList section */
		31AD0A511638424F000CFD7B /* Build configuration list for PBXProject "Kijkruimte" */ = {
			isa = XCConfigurationList;
			buildConfigurations = (
				31AD0A8E1638424F000CFD7B /* Debug */,
				31AD0A8F1638424F000CFD7B /* Release */,
			);
			defaultConfigurationIsVisible = 0;
			defaultConfigurationName = Release;
		};
		31AD0A901638424F000CFD7B /* Build configuration list for PBXNativeTarget "Kijkruimte" */ = {
			isa = XCConfigurationList;
			buildConfigurations = (
				31AD0A911638424F000CFD7B /* Debug */,
				31AD0A921638424F000CFD7B /* Release */,
			);
			defaultConfigurationIsVisible = 0;
			defaultConfigurationName = Release;
		};
		31AD0A931638424F000CFD7B /* Build configuration list for PBXNativeTarget "KijkruimteTests" */ = {
			isa = XCConfigurationList;
			buildConfigurations = (
				31AD0A941638424F000CFD7B /* Debug */,
				31AD0A951638424F000CFD7B /* Release */,
			);
			defaultConfigurationIsVisible = 0;
			defaultConfigurationName = Release;
		};
/* End XCConfigurationList section */
	};
	rootObject = 31AD0A4E1638424F000CFD7B /* Project object */;
}
