// !$*UTF8*$!
{
	archiveVersion = 1;
	classes = {
	};
	objectVersion = 46;
	objects = {

/* Begin PBXBuildFile section */
		3108FE57163844C500A3D243 /* SCGetUserTracks.m in Sources */ = {isa = PBXBuildFile; fileRef = 3108FE56163844C500A3D243 /* SCGetUserTracks.m */; };
		3108FE5E1638451300A3D243 /* SCServiceAPI.m in Sources */ = {isa = PBXBuildFile; fileRef = 3108FE5D1638451300A3D243 /* SCServiceAPI.m */; };
		3108FE5F1638454400A3D243 /* SCServiceRequest.m in Sources */ = {isa = PBXBuildFile; fileRef = 31AD0A9716384273000CFD7B /* SCServiceRequest.m */; };
		3108FE691638460E00A3D243 /* KRTrack.m in Sources */ = {isa = PBXBuildFile; fileRef = 3108FE681638460E00A3D243 /* KRTrack.m */; };
		3121A6F81683BF15004747B6 /* KRMessageView.m in Sources */ = {isa = PBXBuildFile; fileRef = 3121A6F71683BF15004747B6 /* KRMessageView.m */; };
		313E3C62163D96EB000165B7 /* MapKit.framework in Frameworks */ = {isa = PBXBuildFile; fileRef = 313E3C61163D96EB000165B7 /* MapKit.framework */; };
		313E3C8E163D9B89000165B7 /* KRMapPin.m in Sources */ = {isa = PBXBuildFile; fileRef = 313E3C8D163D9B89000165B7 /* KRMapPin.m */; };
		3160FB3D1664001100CD7C72 /* KRBroadcaster.m in Sources */ = {isa = PBXBuildFile; fileRef = 3160FB3C1664001100CD7C72 /* KRBroadcaster.m */; };
		3168839417C7CE9A00F65326 /* info.png in Resources */ = {isa = PBXBuildFile; fileRef = 3168839317C7CE9A00F65326 /* info.png */; };
		3168839617C7CEA200F65326 /* info@2x.png in Resources */ = {isa = PBXBuildFile; fileRef = 3168839517C7CEA200F65326 /* info@2x.png */; };
		3168839D17C7CEC300F65326 /* klein-leed-credits.png in Resources */ = {isa = PBXBuildFile; fileRef = 3168839717C7CEC300F65326 /* klein-leed-credits.png */; };
		3168839E17C7CEC300F65326 /* klein-leed-credits@2x.png in Resources */ = {isa = PBXBuildFile; fileRef = 3168839817C7CEC300F65326 /* klein-leed-credits@2x.png */; };
		3168839F17C7CEC300F65326 /* klein-leed-start.png in Resources */ = {isa = PBXBuildFile; fileRef = 3168839917C7CEC300F65326 /* klein-leed-start.png */; };
		316883A017C7CEC300F65326 /* klein-leed-start@2x.png in Resources */ = {isa = PBXBuildFile; fileRef = 3168839A17C7CEC300F65326 /* klein-leed-start@2x.png */; };
		316883A117C7CEC300F65326 /* klein-leed-stop.png in Resources */ = {isa = PBXBuildFile; fileRef = 3168839B17C7CEC300F65326 /* klein-leed-stop.png */; };
		316883A217C7CEC300F65326 /* klein-leed-stop@2x.png in Resources */ = {isa = PBXBuildFile; fileRef = 3168839C17C7CEC300F65326 /* klein-leed-stop@2x.png */; };
		3174256917B7EBC500BD89A9 /* icon29.png in Resources */ = {isa = PBXBuildFile; fileRef = 3174256317B7EBC500BD89A9 /* icon29.png */; };
		3174256A17B7EBC500BD89A9 /* icon57.png in Resources */ = {isa = PBXBuildFile; fileRef = 3174256417B7EBC500BD89A9 /* icon57.png */; };
		3174256B17B7EBC500BD89A9 /* icon72.png in Resources */ = {isa = PBXBuildFile; fileRef = 3174256517B7EBC500BD89A9 /* icon72.png */; };
		3174256C17B7EBC500BD89A9 /* icon114.png in Resources */ = {isa = PBXBuildFile; fileRef = 3174256617B7EBC500BD89A9 /* icon114.png */; };
		3174256D17B7EBC500BD89A9 /* icon512.png in Resources */ = {isa = PBXBuildFile; fileRef = 3174256717B7EBC500BD89A9 /* icon512.png */; };
		3174256E17B7EBC500BD89A9 /* icon1024.png in Resources */ = {isa = PBXBuildFile; fileRef = 3174256817B7EBC500BD89A9 /* icon1024.png */; };
		31948B84163ABB8F002B85BD /* AVFoundation.framework in Frameworks */ = {isa = PBXBuildFile; fileRef = 31948B83163ABB8F002B85BD /* AVFoundation.framework */; };
		31AD0A5C1638424F000CFD7B /* UIKit.framework in Frameworks */ = {isa = PBXBuildFile; fileRef = 31AD0A5B1638424F000CFD7B /* UIKit.framework */; };
		31AD0A5E1638424F000CFD7B /* Foundation.framework in Frameworks */ = {isa = PBXBuildFile; fileRef = 31AD0A5D1638424F000CFD7B /* Foundation.framework */; };
		31AD0A601638424F000CFD7B /* CoreGraphics.framework in Frameworks */ = {isa = PBXBuildFile; fileRef = 31AD0A5F1638424F000CFD7B /* CoreGraphics.framework */; };
		31AD0A661638424F000CFD7B /* InfoPlist.strings in Resources */ = {isa = PBXBuildFile; fileRef = 31AD0A641638424F000CFD7B /* InfoPlist.strings */; };
		31AD0A681638424F000CFD7B /* main.m in Sources */ = {isa = PBXBuildFile; fileRef = 31AD0A671638424F000CFD7B /* main.m */; };
		31AD0A6C1638424F000CFD7B /* KRAppDelegate.m in Sources */ = {isa = PBXBuildFile; fileRef = 31AD0A6B1638424F000CFD7B /* KRAppDelegate.m */; };
		31AD0A751638424F000CFD7B /* MainStoryboard.storyboard in Resources */ = {isa = PBXBuildFile; fileRef = 31AD0A731638424F000CFD7B /* MainStoryboard.storyboard */; };
		31AD0A781638424F000CFD7B /* KRViewController.m in Sources */ = {isa = PBXBuildFile; fileRef = 31AD0A771638424F000CFD7B /* KRViewController.m */; };
		31AD0A801638424F000CFD7B /* SenTestingKit.framework in Frameworks */ = {isa = PBXBuildFile; fileRef = 31AD0A7F1638424F000CFD7B /* SenTestingKit.framework */; };
		31AD0A811638424F000CFD7B /* UIKit.framework in Frameworks */ = {isa = PBXBuildFile; fileRef = 31AD0A5B1638424F000CFD7B /* UIKit.framework */; };
		31AD0A821638424F000CFD7B /* Foundation.framework in Frameworks */ = {isa = PBXBuildFile; fileRef = 31AD0A5D1638424F000CFD7B /* Foundation.framework */; };
		31AD0A8A1638424F000CFD7B /* InfoPlist.strings in Resources */ = {isa = PBXBuildFile; fileRef = 31AD0A881638424F000CFD7B /* InfoPlist.strings */; };
		31AD0A8D1638424F000CFD7B /* KijkruimteTests.m in Sources */ = {isa = PBXBuildFile; fileRef = 31AD0A8C1638424F000CFD7B /* KijkruimteTests.m */; };
		31AD84C217B2A78A0019C986 /* Default.png in Resources */ = {isa = PBXBuildFile; fileRef = 31AD0A6D1638424F000CFD7B /* Default.png */; };
		31B43CF0166682B000670426 /* Default-568h@2x.png in Resources */ = {isa = PBXBuildFile; fileRef = 31B43CE7166682B000670426 /* Default-568h@2x.png */; };
		31B43CF2166682B000670426 /* Default@2x.png in Resources */ = {isa = PBXBuildFile; fileRef = 31B43CE9166682B000670426 /* Default@2x.png */; };
		31B4ECB4163A7D9F00BB5A31 /* KRTrackDetail.m in Sources */ = {isa = PBXBuildFile; fileRef = 31B4ECB3163A7D9F00BB5A31 /* KRTrackDetail.m */; };
		31B4ECB6163A82AF00BB5A31 /* SCGetTrackDetail.m in Sources */ = {isa = PBXBuildFile; fileRef = 31B4ECB5163A82AF00BB5A31 /* SCGetTrackDetail.m */; };
		31E05000163AE7F30044F0F8 /* CoreLocation.framework in Frameworks */ = {isa = PBXBuildFile; fileRef = 31E04FFF163AE7F30044F0F8 /* CoreLocation.framework */; };
		31E4D638163F02F700A05763 /* achtergrond-btn@2x.png in Resources */ = {isa = PBXBuildFile; fileRef = 31E4D633163F02F700A05763 /* achtergrond-btn@2x.png */; };
		31E4D639163F02F700A05763 /* btn-start-passive@2x.png in Resources */ = {isa = PBXBuildFile; fileRef = 31E4D634163F02F700A05763 /* btn-start-passive@2x.png */; };
		31E4D63A163F02F700A05763 /* btn-start-pressed@2x.png in Resources */ = {isa = PBXBuildFile; fileRef = 31E4D635163F02F700A05763 /* btn-start-pressed@2x.png */; };
		31E4D63B163F02F700A05763 /* btn-stop-passive@2x.png in Resources */ = {isa = PBXBuildFile; fileRef = 31E4D636163F02F700A05763 /* btn-stop-passive@2x.png */; };
		31E4D63C163F02F700A05763 /* btn-stop-pressed@2x.png in Resources */ = {isa = PBXBuildFile; fileRef = 31E4D637163F02F700A05763 /* btn-stop-pressed@2x.png */; };
		31E4D641163F067B00A05763 /* btn-start-passive.png in Resources */ = {isa = PBXBuildFile; fileRef = 31E4D63D163F067B00A05763 /* btn-start-passive.png */; };
		31E4D642163F067B00A05763 /* btn-start-pressed.png in Resources */ = {isa = PBXBuildFile; fileRef = 31E4D63E163F067B00A05763 /* btn-start-pressed.png */; };
		31E4D643163F067B00A05763 /* btn-stop-passive.png in Resources */ = {isa = PBXBuildFile; fileRef = 31E4D63F163F067B00A05763 /* btn-stop-passive.png */; };
		31E4D644163F067B00A05763 /* btn-stop-pressed.png in Resources */ = {isa = PBXBuildFile; fileRef = 31E4D640163F067B00A05763 /* btn-stop-pressed.png */; };
		31E6D2CC1648489F00BACF3F /* CFNetwork.framework in Frameworks */ = {isa = PBXBuildFile; fileRef = 31E6D2CB1648489F00BACF3F /* CFNetwork.framework */; };
		31EB851516C7A0FB0012230F /* KRInfoViewController.m in Sources */ = {isa = PBXBuildFile; fileRef = 31EB851416C7A0FB0012230F /* KRInfoViewController.m */; };
/* End PBXBuildFile section */

/* Begin PBXContainerItemProxy section */
		31AD0A831638424F000CFD7B /* PBXContainerItemProxy */ = {
			isa = PBXContainerItemProxy;
			containerPortal = 31AD0A4E1638424F000CFD7B /* Project object */;
			proxyType = 1;
			remoteGlobalIDString = 31AD0A561638424F000CFD7B;
			remoteInfo = Kijkruimte;
		};
/* End PBXContainerItemProxy section */

/* Begin PBXFileReference section */
		3108FE55163844C500A3D243 /* SCGetUserTracks.h */ = {isa = PBXFileReference; fileEncoding = 4; lastKnownFileType = sourcecode.c.h; path = SCGetUserTracks.h; sourceTree = "<group>"; };
		3108FE56163844C500A3D243 /* SCGetUserTracks.m */ = {isa = PBXFileReference; fileEncoding = 4; lastKnownFileType = sourcecode.c.objc; path = SCGetUserTracks.m; sourceTree = "<group>"; };
		3108FE5C1638451300A3D243 /* SCServiceAPI.h */ = {isa = PBXFileReference; fileEncoding = 4; lastKnownFileType = sourcecode.c.h; path = SCServiceAPI.h; sourceTree = "<group>"; };
		3108FE5D1638451300A3D243 /* SCServiceAPI.m */ = {isa = PBXFileReference; fileEncoding = 4; lastKnownFileType = sourcecode.c.objc; path = SCServiceAPI.m; sourceTree = "<group>"; };
		3108FE671638460E00A3D243 /* KRTrack.h */ = {isa = PBXFileReference; fileEncoding = 4; lastKnownFileType = sourcecode.c.h; path = KRTrack.h; sourceTree = "<group>"; };
		3108FE681638460E00A3D243 /* KRTrack.m */ = {isa = PBXFileReference; fileEncoding = 4; lastKnownFileType = sourcecode.c.objc; path = KRTrack.m; sourceTree = "<group>"; };
		3121A6F61683BF15004747B6 /* KRMessageView.h */ = {isa = PBXFileReference; fileEncoding = 4; lastKnownFileType = sourcecode.c.h; path = KRMessageView.h; sourceTree = "<group>"; };
		3121A6F71683BF15004747B6 /* KRMessageView.m */ = {isa = PBXFileReference; fileEncoding = 4; lastKnownFileType = sourcecode.c.objc; path = KRMessageView.m; sourceTree = "<group>"; };
		313E3C61163D96EB000165B7 /* MapKit.framework */ = {isa = PBXFileReference; lastKnownFileType = wrapper.framework; name = MapKit.framework; path = System/Library/Frameworks/MapKit.framework; sourceTree = SDKROOT; };
		313E3C8C163D9B89000165B7 /* KRMapPin.h */ = {isa = PBXFileReference; fileEncoding = 4; lastKnownFileType = sourcecode.c.h; path = KRMapPin.h; sourceTree = "<group>"; };
		313E3C8D163D9B89000165B7 /* KRMapPin.m */ = {isa = PBXFileReference; fileEncoding = 4; lastKnownFileType = sourcecode.c.objc; path = KRMapPin.m; sourceTree = "<group>"; };
		3160FB3B1664001100CD7C72 /* KRBroadcaster.h */ = {isa = PBXFileReference; fileEncoding = 4; lastKnownFileType = sourcecode.c.h; path = KRBroadcaster.h; sourceTree = "<group>"; };
		3160FB3C1664001100CD7C72 /* KRBroadcaster.m */ = {isa = PBXFileReference; fileEncoding = 4; lastKnownFileType = sourcecode.c.objc; path = KRBroadcaster.m; sourceTree = "<group>"; };
		3168839317C7CE9A00F65326 /* info.png */ = {isa = PBXFileReference; lastKnownFileType = image.png; path = info.png; sourceTree = "<group>"; };
		3168839517C7CEA200F65326 /* info@2x.png */ = {isa = PBXFileReference; lastKnownFileType = image.png; path = "info@2x.png"; sourceTree = "<group>"; };
		3168839717C7CEC300F65326 /* klein-leed-credits.png */ = {isa = PBXFileReference; lastKnownFileType = image.png; path = "klein-leed-credits.png"; sourceTree = "<group>"; };
		3168839817C7CEC300F65326 /* klein-leed-credits@2x.png */ = {isa = PBXFileReference; lastKnownFileType = image.png; path = "klein-leed-credits@2x.png"; sourceTree = "<group>"; };
		3168839917C7CEC300F65326 /* klein-leed-start.png */ = {isa = PBXFileReference; lastKnownFileType = image.png; path = "klein-leed-start.png"; sourceTree = "<group>"; };
		3168839A17C7CEC300F65326 /* klein-leed-start@2x.png */ = {isa = PBXFileReference; lastKnownFileType = image.png; path = "klein-leed-start@2x.png"; sourceTree = "<group>"; };
		3168839B17C7CEC300F65326 /* klein-leed-stop.png */ = {isa = PBXFileReference; lastKnownFileType = image.png; path = "klein-leed-stop.png"; sourceTree = "<group>"; };
		3168839C17C7CEC300F65326 /* klein-leed-stop@2x.png */ = {isa = PBXFileReference; lastKnownFileType = image.png; path = "klein-leed-stop@2x.png"; sourceTree = "<group>"; };
		3174256317B7EBC500BD89A9 /* icon29.png */ = {isa = PBXFileReference; lastKnownFileType = image.png; path = icon29.png; sourceTree = "<group>"; };
		3174256417B7EBC500BD89A9 /* icon57.png */ = {isa = PBXFileReference; lastKnownFileType = image.png; path = icon57.png; sourceTree = "<group>"; };
		3174256517B7EBC500BD89A9 /* icon72.png */ = {isa = PBXFileReference; lastKnownFileType = image.png; path = icon72.png; sourceTree = "<group>"; };
		3174256617B7EBC500BD89A9 /* icon114.png */ = {isa = PBXFileReference; lastKnownFileType = image.png; path = icon114.png; sourceTree = "<group>"; };
		3174256717B7EBC500BD89A9 /* icon512.png */ = {isa = PBXFileReference; lastKnownFileType = image.png; path = icon512.png; sourceTree = "<group>"; };
		3174256817B7EBC500BD89A9 /* icon1024.png */ = {isa = PBXFileReference; lastKnownFileType = image.png; path = icon1024.png; sourceTree = "<group>"; };
		3174256F17B7EBEC00BD89A9 /* icon57.png */ = {isa = PBXFileReference; lastKnownFileType = image.png; name = icon57.png; path = ../icon57.png; sourceTree = "<group>"; };
		3174257117B7EBF200BD89A9 /* icon114.png */ = {isa = PBXFileReference; lastKnownFileType = image.png; name = icon114.png; path = ../icon114.png; sourceTree = "<group>"; };
		31948B83163ABB8F002B85BD /* AVFoundation.framework */ = {isa = PBXFileReference; lastKnownFileType = wrapper.framework; name = AVFoundation.framework; path = System/Library/Frameworks/AVFoundation.framework; sourceTree = SDKROOT; };
		31AD0A571638424F000CFD7B /* Kijkruimte.app */ = {isa = PBXFileReference; explicitFileType = wrapper.application; includeInIndex = 0; path = Kijkruimte.app; sourceTree = BUILT_PRODUCTS_DIR; };
		31AD0A5B1638424F000CFD7B /* UIKit.framework */ = {isa = PBXFileReference; lastKnownFileType = wrapper.framework; name = UIKit.framework; path = System/Library/Frameworks/UIKit.framework; sourceTree = SDKROOT; };
		31AD0A5D1638424F000CFD7B /* Foundation.framework */ = {isa = PBXFileReference; lastKnownFileType = wrapper.framework; name = Foundation.framework; path = System/Library/Frameworks/Foundation.framework; sourceTree = SDKROOT; };
		31AD0A5F1638424F000CFD7B /* CoreGraphics.framework */ = {isa = PBXFileReference; lastKnownFileType = wrapper.framework; name = CoreGraphics.framework; path = System/Library/Frameworks/CoreGraphics.framework; sourceTree = SDKROOT; };
		31AD0A631638424F000CFD7B /* Kijkruimte-Info.plist */ = {isa = PBXFileReference; lastKnownFileType = text.plist.xml; path = "Kijkruimte-Info.plist"; sourceTree = "<group>"; };
		31AD0A651638424F000CFD7B /* en */ = {isa = PBXFileReference; lastKnownFileType = text.plist.strings; name = en; path = en.lproj/InfoPlist.strings; sourceTree = "<group>"; };
		31AD0A671638424F000CFD7B /* main.m */ = {isa = PBXFileReference; lastKnownFileType = sourcecode.c.objc; path = main.m; sourceTree = "<group>"; };
		31AD0A691638424F000CFD7B /* Kijkruimte-Prefix.pch */ = {isa = PBXFileReference; lastKnownFileType = sourcecode.c.h; path = "Kijkruimte-Prefix.pch"; sourceTree = "<group>"; };
		31AD0A6A1638424F000CFD7B /* KRAppDelegate.h */ = {isa = PBXFileReference; lastKnownFileType = sourcecode.c.h; path = KRAppDelegate.h; sourceTree = "<group>"; };
		31AD0A6B1638424F000CFD7B /* KRAppDelegate.m */ = {isa = PBXFileReference; lastKnownFileType = sourcecode.c.objc; path = KRAppDelegate.m; sourceTree = "<group>"; };
		31AD0A6D1638424F000CFD7B /* Default.png */ = {isa = PBXFileReference; lastKnownFileType = image.png; path = Default.png; sourceTree = "<group>"; };
		31AD0A6F1638424F000CFD7B /* Default@2x.png */ = {isa = PBXFileReference; lastKnownFileType = image.png; path = "Default@2x.png"; sourceTree = "<group>"; };
		31AD0A711638424F000CFD7B /* Default-568h@2x.png */ = {isa = PBXFileReference; lastKnownFileType = image.png; path = "Default-568h@2x.png"; sourceTree = "<group>"; };
		31AD0A741638424F000CFD7B /* en */ = {isa = PBXFileReference; lastKnownFileType = file.storyboard; name = en; path = en.lproj/MainStoryboard.storyboard; sourceTree = "<group>"; };
		31AD0A761638424F000CFD7B /* KRViewController.h */ = {isa = PBXFileReference; lastKnownFileType = sourcecode.c.h; path = KRViewController.h; sourceTree = "<group>"; };
		31AD0A771638424F000CFD7B /* KRViewController.m */ = {isa = PBXFileReference; lastKnownFileType = sourcecode.c.objc; path = KRViewController.m; sourceTree = "<group>"; };
		31AD0A7E1638424F000CFD7B /* KijkruimteTests.octest */ = {isa = PBXFileReference; explicitFileType = wrapper.cfbundle; includeInIndex = 0; path = KijkruimteTests.octest; sourceTree = BUILT_PRODUCTS_DIR; };
		31AD0A7F1638424F000CFD7B /* SenTestingKit.framework */ = {isa = PBXFileReference; lastKnownFileType = wrapper.framework; name = SenTestingKit.framework; path = Library/Frameworks/SenTestingKit.framework; sourceTree = DEVELOPER_DIR; };
		31AD0A871638424F000CFD7B /* KijkruimteTests-Info.plist */ = {isa = PBXFileReference; lastKnownFileType = text.plist.xml; path = "KijkruimteTests-Info.plist"; sourceTree = "<group>"; };
		31AD0A891638424F000CFD7B /* en */ = {isa = PBXFileReference; lastKnownFileType = text.plist.strings; name = en; path = en.lproj/InfoPlist.strings; sourceTree = "<group>"; };
		31AD0A8B1638424F000CFD7B /* KijkruimteTests.h */ = {isa = PBXFileReference; lastKnownFileType = sourcecode.c.h; path = KijkruimteTests.h; sourceTree = "<group>"; };
		31AD0A8C1638424F000CFD7B /* KijkruimteTests.m */ = {isa = PBXFileReference; lastKnownFileType = sourcecode.c.objc; path = KijkruimteTests.m; sourceTree = "<group>"; };
		31AD0A9616384273000CFD7B /* SCServiceRequest.h */ = {isa = PBXFileReference; fileEncoding = 4; lastKnownFileType = sourcecode.c.h; path = SCServiceRequest.h; sourceTree = "<group>"; };
		31AD0A9716384273000CFD7B /* SCServiceRequest.m */ = {isa = PBXFileReference; fileEncoding = 4; lastKnownFileType = sourcecode.c.objc; path = SCServiceRequest.m; sourceTree = "<group>"; };
		31B43CE7166682B000670426 /* Default-568h@2x.png */ = {isa = PBXFileReference; lastKnownFileType = image.png; name = "Default-568h@2x.png"; path = "../Default-568h@2x.png"; sourceTree = "<group>"; };
		31B43CE8166682B000670426 /* Default.png */ = {isa = PBXFileReference; lastKnownFileType = image.png; name = Default.png; path = ../Default.png; sourceTree = "<group>"; };
		31B43CE9166682B000670426 /* Default@2x.png */ = {isa = PBXFileReference; lastKnownFileType = image.png; name = "Default@2x.png"; path = "../Default@2x.png"; sourceTree = "<group>"; };
		31B4ECAF163A799A00BB5A31 /* SCGetTrackDetail.h */ = {isa = PBXFileReference; fileEncoding = 4; lastKnownFileType = sourcecode.c.h; path = SCGetTrackDetail.h; sourceTree = "<group>"; };
		31B4ECB2163A7D9F00BB5A31 /* KRTrackDetail.h */ = {isa = PBXFileReference; fileEncoding = 4; lastKnownFileType = sourcecode.c.h; path = KRTrackDetail.h; sourceTree = "<group>"; };
		31B4ECB3163A7D9F00BB5A31 /* KRTrackDetail.m */ = {isa = PBXFileReference; fileEncoding = 4; lastKnownFileType = sourcecode.c.objc; path = KRTrackDetail.m; sourceTree = "<group>"; };
		31B4ECB5163A82AF00BB5A31 /* SCGetTrackDetail.m */ = {isa = PBXFileReference; fileEncoding = 4; lastKnownFileType = sourcecode.c.objc; path = SCGetTrackDetail.m; sourceTree = "<group>"; };
		31E04FFF163AE7F30044F0F8 /* CoreLocation.framework */ = {isa = PBXFileReference; lastKnownFileType = wrapper.framework; name = CoreLocation.framework; path = System/Library/Frameworks/CoreLocation.framework; sourceTree = SDKROOT; };
		31E4D633163F02F700A05763 /* achtergrond-btn@2x.png */ = {isa = PBXFileReference; lastKnownFileType = image.png; path = "achtergrond-btn@2x.png"; sourceTree = "<group>"; };
		31E4D634163F02F700A05763 /* btn-start-passive@2x.png */ = {isa = PBXFileReference; lastKnownFileType = image.png; path = "btn-start-passive@2x.png"; sourceTree = "<group>"; };
		31E4D635163F02F700A05763 /* btn-start-pressed@2x.png */ = {isa = PBXFileReference; lastKnownFileType = image.png; path = "btn-start-pressed@2x.png"; sourceTree = "<group>"; };
		31E4D636163F02F700A05763 /* btn-stop-passive@2x.png */ = {isa = PBXFileReference; lastKnownFileType = image.png; path = "btn-stop-passive@2x.png"; sourceTree = "<group>"; };
		31E4D637163F02F700A05763 /* btn-stop-pressed@2x.png */ = {isa = PBXFileReference; lastKnownFileType = image.png; path = "btn-stop-pressed@2x.png"; sourceTree = "<group>"; };
		31E4D63D163F067B00A05763 /* btn-start-passive.png */ = {isa = PBXFileReference; lastKnownFileType = image.png; path = "btn-start-passive.png"; sourceTree = "<group>"; };
		31E4D63E163F067B00A05763 /* btn-start-pressed.png */ = {isa = PBXFileReference; lastKnownFileType = image.png; path = "btn-start-pressed.png"; sourceTree = "<group>"; };
		31E4D63F163F067B00A05763 /* btn-stop-passive.png */ = {isa = PBXFileReference; lastKnownFileType = image.png; path = "btn-stop-passive.png"; sourceTree = "<group>"; };
		31E4D640163F067B00A05763 /* btn-stop-pressed.png */ = {isa = PBXFileReference; lastKnownFileType = image.png; path = "btn-stop-pressed.png"; sourceTree = "<group>"; };
		31E6D2CB1648489F00BACF3F /* CFNetwork.framework */ = {isa = PBXFileReference; lastKnownFileType = wrapper.framework; name = CFNetwork.framework; path = System/Library/Frameworks/CFNetwork.framework; sourceTree = SDKROOT; };
		31EB851316C7A0FB0012230F /* KRInfoViewController.h */ = {isa = PBXFileReference; fileEncoding = 4; lastKnownFileType = sourcecode.c.h; path = KRInfoViewController.h; sourceTree = "<group>"; };
		31EB851416C7A0FB0012230F /* KRInfoViewController.m */ = {isa = PBXFileReference; fileEncoding = 4; lastKnownFileType = sourcecode.c.objc; path = KRInfoViewController.m; sourceTree = "<group>"; };
/* End PBXFileReference section */

/* Begin PBXFrameworksBuildPhase section */
		31AD0A541638424F000CFD7B /* Frameworks */ = {
			isa = PBXFrameworksBuildPhase;
			buildActionMask = 2147483647;
			files = (
				31E6D2CC1648489F00BACF3F /* CFNetwork.framework in Frameworks */,
				313E3C62163D96EB000165B7 /* MapKit.framework in Frameworks */,
				31E05000163AE7F30044F0F8 /* CoreLocation.framework in Frameworks */,
				31948B84163ABB8F002B85BD /* AVFoundation.framework in Frameworks */,
				31AD0A5C1638424F000CFD7B /* UIKit.framework in Frameworks */,
				31AD0A5E1638424F000CFD7B /* Foundation.framework in Frameworks */,
				31AD0A601638424F000CFD7B /* CoreGraphics.framework in Frameworks */,
			);
			runOnlyForDeploymentPostprocessing = 0;
		};
		31AD0A7A1638424F000CFD7B /* Frameworks */ = {
			isa = PBXFrameworksBuildPhase;
			buildActionMask = 2147483647;
			files = (
				31AD0A801638424F000CFD7B /* SenTestingKit.framework in Frameworks */,
				31AD0A811638424F000CFD7B /* UIKit.framework in Frameworks */,
				31AD0A821638424F000CFD7B /* Foundation.framework in Frameworks */,
			);
			runOnlyForDeploymentPostprocessing = 0;
		};
/* End PBXFrameworksBuildPhase section */

/* Begin PBXGroup section */
		3108FE54163843FC00A3D243 /* SoundCloud */ = {
			isa = PBXGroup;
			children = (
				3108FE5C1638451300A3D243 /* SCServiceAPI.h */,
				3108FE5D1638451300A3D243 /* SCServiceAPI.m */,
				31AD0A9616384273000CFD7B /* SCServiceRequest.h */,
				31AD0A9716384273000CFD7B /* SCServiceRequest.m */,
				3108FE55163844C500A3D243 /* SCGetUserTracks.h */,
				3108FE56163844C500A3D243 /* SCGetUserTracks.m */,
				31B4ECAF163A799A00BB5A31 /* SCGetTrackDetail.h */,
				31B4ECB5163A82AF00BB5A31 /* SCGetTrackDetail.m */,
			);
			name = SoundCloud;
			sourceTree = "<group>";
		};
		3108FE66163845FC00A3D243 /* Models */ = {
			isa = PBXGroup;
			children = (
				3108FE671638460E00A3D243 /* KRTrack.h */,
				3108FE681638460E00A3D243 /* KRTrack.m */,
				31B4ECB2163A7D9F00BB5A31 /* KRTrackDetail.h */,
				31B4ECB3163A7D9F00BB5A31 /* KRTrackDetail.m */,
			);
			name = Models;
			sourceTree = "<group>";
		};
		31AD0A4C1638424F000CFD7B = {
			isa = PBXGroup;
			children = (
				31E6D2CB1648489F00BACF3F /* CFNetwork.framework */,
				313E3C61163D96EB000165B7 /* MapKit.framework */,
				31E04FFF163AE7F30044F0F8 /* CoreLocation.framework */,
				31948B83163ABB8F002B85BD /* AVFoundation.framework */,
				31AD0A611638424F000CFD7B /* Kijkruimte */,
				31AD0A851638424F000CFD7B /* KijkruimteTests */,
				31AD0A5A1638424F000CFD7B /* Frameworks */,
				31AD0A581638424F000CFD7B /* Products */,
			);
			sourceTree = "<group>";
		};
		31AD0A581638424F000CFD7B /* Products */ = {
			isa = PBXGroup;
			children = (
				31AD0A571638424F000CFD7B /* Kijkruimte.app */,
				31AD0A7E1638424F000CFD7B /* KijkruimteTests.octest */,
			);
			name = Products;
			sourceTree = "<group>";
		};
		31AD0A5A1638424F000CFD7B /* Frameworks */ = {
			isa = PBXGroup;
			children = (
				31AD0A5B1638424F000CFD7B /* UIKit.framework */,
				31AD0A5D1638424F000CFD7B /* Foundation.framework */,
				31AD0A5F1638424F000CFD7B /* CoreGraphics.framework */,
				31AD0A7F1638424F000CFD7B /* SenTestingKit.framework */,
			);
			name = Frameworks;
			sourceTree = "<group>";
		};
		31AD0A611638424F000CFD7B /* Kijkruimte */ = {
			isa = PBXGroup;
			children = (
				31E4D632163F02E300A05763 /* Assets */,
				3108FE66163845FC00A3D243 /* Models */,
				3108FE54163843FC00A3D243 /* SoundCloud */,
				31AD0A6A1638424F000CFD7B /* KRAppDelegate.h */,
				31AD0A6B1638424F000CFD7B /* KRAppDelegate.m */,
				31AD0A731638424F000CFD7B /* MainStoryboard.storyboard */,
				31AD0A761638424F000CFD7B /* KRViewController.h */,
				31AD0A771638424F000CFD7B /* KRViewController.m */,
				31AD0A621638424F000CFD7B /* Supporting Files */,
				313E3C8C163D9B89000165B7 /* KRMapPin.h */,
				313E3C8D163D9B89000165B7 /* KRMapPin.m */,
				3160FB3B1664001100CD7C72 /* KRBroadcaster.h */,
				3160FB3C1664001100CD7C72 /* KRBroadcaster.m */,
				3121A6F61683BF15004747B6 /* KRMessageView.h */,
				3121A6F71683BF15004747B6 /* KRMessageView.m */,
				31EB851316C7A0FB0012230F /* KRInfoViewController.h */,
				31EB851416C7A0FB0012230F /* KRInfoViewController.m */,
			);
			path = Kijkruimte;
			sourceTree = "<group>";
		};
		31AD0A621638424F000CFD7B /* Supporting Files */ = {
			isa = PBXGroup;
			children = (
				31AD0A631638424F000CFD7B /* Kijkruimte-Info.plist */,
				31AD0A641638424F000CFD7B /* InfoPlist.strings */,
				31AD0A671638424F000CFD7B /* main.m */,
				31AD0A691638424F000CFD7B /* Kijkruimte-Prefix.pch */,
				31AD0A6D1638424F000CFD7B /* Default.png */,
				31AD0A6F1638424F000CFD7B /* Default@2x.png */,
				31AD0A711638424F000CFD7B /* Default-568h@2x.png */,
			);
			name = "Supporting Files";
			sourceTree = "<group>";
		};
		31AD0A851638424F000CFD7B /* KijkruimteTests */ = {
			isa = PBXGroup;
			children = (
				31AD0A8B1638424F000CFD7B /* KijkruimteTests.h */,
				31AD0A8C1638424F000CFD7B /* KijkruimteTests.m */,
				31AD0A861638424F000CFD7B /* Supporting Files */,
			);
			path = KijkruimteTests;
			sourceTree = "<group>";
		};
		31AD0A861638424F000CFD7B /* Supporting Files */ = {
			isa = PBXGroup;
			children = (
				31AD0A871638424F000CFD7B /* KijkruimteTests-Info.plist */,
				31AD0A881638424F000CFD7B /* InfoPlist.strings */,
			);
			name = "Supporting Files";
			sourceTree = "<group>";
		};
		31E4D632163F02E300A05763 /* Assets */ = {
			isa = PBXGroup;
			children = (
				3174257117B7EBF200BD89A9 /* icon114.png */,
				3174256F17B7EBEC00BD89A9 /* icon57.png */,
				3168839717C7CEC300F65326 /* klein-leed-credits.png */,
				3168839817C7CEC300F65326 /* klein-leed-credits@2x.png */,
				3168839917C7CEC300F65326 /* klein-leed-start.png */,
				3168839A17C7CEC300F65326 /* klein-leed-start@2x.png */,
				3168839B17C7CEC300F65326 /* klein-leed-stop.png */,
				3168839C17C7CEC300F65326 /* klein-leed-stop@2x.png */,
				3168839317C7CE9A00F65326 /* info.png */,
				3168839517C7CEA200F65326 /* info@2x.png */,
				3174256317B7EBC500BD89A9 /* icon29.png */,
				3174256417B7EBC500BD89A9 /* icon57.png */,
				3174256517B7EBC500BD89A9 /* icon72.png */,
				3174256617B7EBC500BD89A9 /* icon114.png */,
				3174256717B7EBC500BD89A9 /* icon512.png */,
				3174256817B7EBC500BD89A9 /* icon1024.png */,
				31B43CE7166682B000670426 /* Default-568h@2x.png */,
				31B43CE8166682B000670426 /* Default.png */,
				31B43CE9166682B000670426 /* Default@2x.png */,
				31E4D63D163F067B00A05763 /* btn-start-passive.png */,
				31E4D63E163F067B00A05763 /* btn-start-pressed.png */,
				31E4D63F163F067B00A05763 /* btn-stop-passive.png */,
				31E4D640163F067B00A05763 /* btn-stop-pressed.png */,
				31E4D633163F02F700A05763 /* achtergrond-btn@2x.png */,
				31E4D634163F02F700A05763 /* btn-start-passive@2x.png */,
				31E4D635163F02F700A05763 /* btn-start-pressed@2x.png */,
				31E4D636163F02F700A05763 /* btn-stop-passive@2x.png */,
				31E4D637163F02F700A05763 /* btn-stop-pressed@2x.png */,
			);
			name = Assets;
			sourceTree = "<group>";
		};
/* End PBXGroup section */

/* Begin PBXNativeTarget section */
		31AD0A561638424F000CFD7B /* Kijkruimte */ = {
			isa = PBXNativeTarget;
			buildConfigurationList = 31AD0A901638424F000CFD7B /* Build configuration list for PBXNativeTarget "Kijkruimte" */;
			buildPhases = (
				31AD0A531638424F000CFD7B /* Sources */,
				31AD0A541638424F000CFD7B /* Frameworks */,
				31AD0A551638424F000CFD7B /* Resources */,
			);
			buildRules = (
			);
			dependencies = (
			);
			name = Kijkruimte;
			productName = Kijkruimte;
			productReference = 31AD0A571638424F000CFD7B /* Kijkruimte.app */;
			productType = "com.apple.product-type.application";
		};
		31AD0A7D1638424F000CFD7B /* KijkruimteTests */ = {
			isa = PBXNativeTarget;
			buildConfigurationList = 31AD0A931638424F000CFD7B /* Build configuration list for PBXNativeTarget "KijkruimteTests" */;
			buildPhases = (
				31AD0A791638424F000CFD7B /* Sources */,
				31AD0A7A1638424F000CFD7B /* Frameworks */,
				31AD0A7B1638424F000CFD7B /* Resources */,
				31AD0A7C1638424F000CFD7B /* ShellScript */,
			);
			buildRules = (
			);
			dependencies = (
				31AD0A841638424F000CFD7B /* PBXTargetDependency */,
			);
			name = KijkruimteTests;
			productName = KijkruimteTests;
			productReference = 31AD0A7E1638424F000CFD7B /* KijkruimteTests.octest */;
			productType = "com.apple.product-type.bundle";
		};
/* End PBXNativeTarget section */

/* Begin PBXProject section */
		31AD0A4E1638424F000CFD7B /* Project object */ = {
			isa = PBXProject;
			attributes = {
				CLASSPREFIX = KR;
				LastUpgradeCheck = 0450;
				ORGANIZATIONNAME = Hipstart;
			};
			buildConfigurationList = 31AD0A511638424F000CFD7B /* Build configuration list for PBXProject "Kijkruimte" */;
			compatibilityVersion = "Xcode 3.2";
			developmentRegion = English;
			hasScannedForEncodings = 0;
			knownRegions = (
				en,
			);
			mainGroup = 31AD0A4C1638424F000CFD7B;
			productRefGroup = 31AD0A581638424F000CFD7B /* Products */;
			projectDirPath = "";
			projectRoot = "";
			targets = (
				31AD0A561638424F000CFD7B /* Kijkruimte */,
				31AD0A7D1638424F000CFD7B /* KijkruimteTests */,
			);
		};
/* End PBXProject section */

/* Begin PBXResourcesBuildPhase section */
		31AD0A551638424F000CFD7B /* Resources */ = {
			isa = PBXResourcesBuildPhase;
			buildActionMask = 2147483647;
			files = (
				31AD0A661638424F000CFD7B /* InfoPlist.strings in Resources */,
				31AD0A751638424F000CFD7B /* MainStoryboard.storyboard in Resources */,
				31E4D638163F02F700A05763 /* achtergrond-btn@2x.png in Resources */,
				31E4D639163F02F700A05763 /* btn-start-passive@2x.png in Resources */,
				31E4D63A163F02F700A05763 /* btn-start-pressed@2x.png in Resources */,
				31E4D63B163F02F700A05763 /* btn-stop-passive@2x.png in Resources */,
				31E4D63C163F02F700A05763 /* btn-stop-pressed@2x.png in Resources */,
				31E4D641163F067B00A05763 /* btn-start-passive.png in Resources */,
				31E4D642163F067B00A05763 /* btn-start-pressed.png in Resources */,
				31E4D643163F067B00A05763 /* btn-stop-passive.png in Resources */,
				31E4D644163F067B00A05763 /* btn-stop-pressed.png in Resources */,
				31B43CF0166682B000670426 /* Default-568h@2x.png in Resources */,
				31B43CF2166682B000670426 /* Default@2x.png in Resources */,
				31AD84C217B2A78A0019C986 /* Default.png in Resources */,
				3174256917B7EBC500BD89A9 /* icon29.png in Resources */,
				3174256A17B7EBC500BD89A9 /* icon57.png in Resources */,
				3174256B17B7EBC500BD89A9 /* icon72.png in Resources */,
				3174256C17B7EBC500BD89A9 /* icon114.png in Resources */,
				3174256D17B7EBC500BD89A9 /* icon512.png in Resources */,
				3174256E17B7EBC500BD89A9 /* icon1024.png in Resources */,
				3168839417C7CE9A00F65326 /* info.png in Resources */,
				3168839617C7CEA200F65326 /* info@2x.png in Resources */,
				3168839D17C7CEC300F65326 /* klein-leed-credits.png in Resources */,
				3168839E17C7CEC300F65326 /* klein-leed-credits@2x.png in Resources */,
				3168839F17C7CEC300F65326 /* klein-leed-start.png in Resources */,
				316883A017C7CEC300F65326 /* klein-leed-start@2x.png in Resources */,
				316883A117C7CEC300F65326 /* klein-leed-stop.png in Resources */,
				316883A217C7CEC300F65326 /* klein-leed-stop@2x.png in Resources */,
			);
			runOnlyForDeploymentPostprocessing = 0;
		};
		31AD0A7B1638424F000CFD7B /* Resources */ = {
			isa = PBXResourcesBuildPhase;
			buildActionMask = 2147483647;
			files = (
				31AD0A8A1638424F000CFD7B /* InfoPlist.strings in Resources */,
			);
			runOnlyForDeploymentPostprocessing = 0;
		};
/* End PBXResourcesBuildPhase section */

/* Begin PBXShellScriptBuildPhase section */
		31AD0A7C1638424F000CFD7B /* ShellScript */ = {
			isa = PBXShellScriptBuildPhase;
			buildActionMask = 2147483647;
			files = (
			);
			inputPaths = (
			);
			outputPaths = (
			);
			runOnlyForDeploymentPostprocessing = 0;
			shellPath = /bin/sh;
			shellScript = "# Run the unit tests in this test bundle.\n\"${SYSTEM_DEVELOPER_DIR}/Tools/RunUnitTests\"\n";
		};
/* End PBXShellScriptBuildPhase section */

/* Begin PBXSourcesBuildPhase section */
		31AD0A531638424F000CFD7B /* Sources */ = {
			isa = PBXSourcesBuildPhase;
			buildActionMask = 2147483647;
			files = (
				3108FE5F1638454400A3D243 /* SCServiceRequest.m in Sources */,
				31AD0A681638424F000CFD7B /* main.m in Sources */,
				31AD0A6C1638424F000CFD7B /* KRAppDelegate.m in Sources */,
				31AD0A781638424F000CFD7B /* KRViewController.m in Sources */,
				3108FE57163844C500A3D243 /* SCGetUserTracks.m in Sources */,
				3108FE5E1638451300A3D243 /* SCServiceAPI.m in Sources */,
				3108FE691638460E00A3D243 /* KRTrack.m in Sources */,
				31B4ECB4163A7D9F00BB5A31 /* KRTrackDetail.m in Sources */,
				31B4ECB6163A82AF00BB5A31 /* SCGetTrackDetail.m in Sources */,
				313E3C8E163D9B89000165B7 /* KRMapPin.m in Sources */,
				3160FB3D1664001100CD7C72 /* KRBroadcaster.m in Sources */,
				3121A6F81683BF15004747B6 /* KRMessageView.m in Sources */,
				31EB851516C7A0FB0012230F /* KRInfoViewController.m in Sources */,
			);
			runOnlyForDeploymentPostprocessing = 0;
		};
		31AD0A791638424F000CFD7B /* Sources */ = {
			isa = PBXSourcesBuildPhase;
			buildActionMask = 2147483647;
			files = (
				31AD0A8D1638424F000CFD7B /* KijkruimteTests.m in Sources */,
			);
			runOnlyForDeploymentPostprocessing = 0;
		};
/* End PBXSourcesBuildPhase section */

/* Begin PBXTargetDependency section */
		31AD0A841638424F000CFD7B /* PBXTargetDependency */ = {
			isa = PBXTargetDependency;
			target = 31AD0A561638424F000CFD7B /* Kijkruimte */;
			targetProxy = 31AD0A831638424F000CFD7B /* PBXContainerItemProxy */;
		};
/* End PBXTargetDependency section */

/* Begin PBXVariantGroup section */
		31AD0A641638424F000CFD7B /* InfoPlist.strings */ = {
			isa = PBXVariantGroup;
			children = (
				31AD0A651638424F000CFD7B /* en */,
			);
			name = InfoPlist.strings;
			sourceTree = "<group>";
		};
		31AD0A731638424F000CFD7B /* MainStoryboard.storyboard */ = {
			isa = PBXVariantGroup;
			children = (
				31AD0A741638424F000CFD7B /* en */,
			);
			name = MainStoryboard.storyboard;
			sourceTree = "<group>";
		};
		31AD0A881638424F000CFD7B /* InfoPlist.strings */ = {
			isa = PBXVariantGroup;
			children = (
				31AD0A891638424F000CFD7B /* en */,
			);
			name = InfoPlist.strings;
			sourceTree = "<group>";
		};
/* End PBXVariantGroup section */

/* Begin XCBuildConfiguration section */
		31AD0A8E1638424F000CFD7B /* Debug */ = {
			isa = XCBuildConfiguration;
			buildSettings = {
				ALWAYS_SEARCH_USER_PATHS = NO;
				CLANG_CXX_LANGUAGE_STANDARD = "gnu++0x";
				CLANG_CXX_LIBRARY = "libc++";
				CLANG_ENABLE_OBJC_ARC = YES;
				CLANG_WARN_EMPTY_BODY = YES;
				CLANG_WARN__DUPLICATE_METHOD_MATCH = YES;
				"CODE_SIGN_IDENTITY[sdk=iphoneos*]" = "iPhone Developer";
				COPY_PHASE_STRIP = NO;
				GCC_C_LANGUAGE_STANDARD = gnu99;
				GCC_DYNAMIC_NO_PIC = NO;
				GCC_OPTIMIZATION_LEVEL = 0;
				GCC_PREPROCESSOR_DEFINITIONS = (
					"DEBUG=1",
					"$(inherited)",
				);
				GCC_SYMBOLS_PRIVATE_EXTERN = NO;
				GCC_WARN_ABOUT_RETURN_TYPE = YES;
				GCC_WARN_UNINITIALIZED_AUTOS = YES;
				GCC_WARN_UNUSED_VARIABLE = YES;
				IPHONEOS_DEPLOYMENT_TARGET = 6.0;
				SDKROOT = iphoneos;
			};
			name = Debug;
		};
		31AD0A8F1638424F000CFD7B /* Release */ = {
			isa = XCBuildConfiguration;
			buildSettings = {
				ALWAYS_SEARCH_USER_PATHS = NO;
				CLANG_CXX_LANGUAGE_STANDARD = "gnu++0x";
				CLANG_CXX_LIBRARY = "libc++";
				CLANG_ENABLE_OBJC_ARC = YES;
				CLANG_WARN_EMPTY_BODY = YES;
				CLANG_WARN__DUPLICATE_METHOD_MATCH = YES;
				"CODE_SIGN_IDENTITY[sdk=iphoneos*]" = "iPhone Distribution: James Graves";
				COPY_PHASE_STRIP = YES;
				GCC_C_LANGUAGE_STANDARD = gnu99;
				GCC_WARN_ABOUT_RETURN_TYPE = YES;
				GCC_WARN_UNINITIALIZED_AUTOS = YES;
				GCC_WARN_UNUSED_VARIABLE = YES;
				IPHONEOS_DEPLOYMENT_TARGET = 6.0;
				OTHER_CFLAGS = "-DNS_BLOCK_ASSERTIONS=1";
				"PROVISIONING_PROFILE[sdk=iphoneos*]" = "96B9FDBC-B028-4E26-AB9D-1FD69206EA61";
				SDKROOT = iphoneos;
				VALIDATE_PRODUCT = YES;
			};
			name = Release;
		};
		31AD0A911638424F000CFD7B /* Debug */ = {
			isa = XCBuildConfiguration;
			buildSettings = {
				CODE_SIGN_IDENTITY = "iPhone Distribution: W.M. Kluppell (86T74DHKW3)";
				"CODE_SIGN_IDENTITY[sdk=iphoneos*]" = "iPhone Distribution: W.M. Kluppell (86T74DHKW3)";
				GCC_PRECOMPILE_PREFIX_HEADER = YES;
				GCC_PREFIX_HEADER = "Kijkruimte/Kijkruimte-Prefix.pch";
				INFOPLIST_FILE = "Kijkruimte/Kijkruimte-Info.plist";
				IPHONEOS_DEPLOYMENT_TARGET = 5.0;
				PRODUCT_NAME = "$(TARGET_NAME)";
				PROVISIONING_PROFILE = "14026F42-53D5-471F-894B-283DB3D6BA7A";
				"PROVISIONING_PROFILE[sdk=iphoneos*]" = "14026F42-53D5-471F-894B-283DB3D6BA7A";
				WRAPPER_EXTENSION = app;
			};
			name = Debug;
		};
		31AD0A921638424F000CFD7B /* Release */ = {
			isa = XCBuildConfiguration;
			buildSettings = {
				CODE_SIGN_IDENTITY = "iPhone Distribution: W.M. Kluppell (86T74DHKW3)";
				"CODE_SIGN_IDENTITY[sdk=iphoneos*]" = "iPhone Distribution: W.M. Kluppell (86T74DHKW3)";
				GCC_PRECOMPILE_PREFIX_HEADER = YES;
				GCC_PREFIX_HEADER = "Kijkruimte/Kijkruimte-Prefix.pch";
				INFOPLIST_FILE = "Kijkruimte/Kijkruimte-Info.plist";
				IPHONEOS_DEPLOYMENT_TARGET = 5.0;
				PRODUCT_NAME = "$(TARGET_NAME)";
				PROVISIONING_PROFILE = "14026F42-53D5-471F-894B-283DB3D6BA7A";
				"PROVISIONING_PROFILE[sdk=iphoneos*]" = "14026F42-53D5-471F-894B-283DB3D6BA7A";
				WRAPPER_EXTENSION = app;
			};
			name = Release;
		};
		31AD0A941638424F000CFD7B /* Debug */ = {
			isa = XCBuildConfiguration;
			buildSettings = {
				BUNDLE_LOADER = "$(BUILT_PRODUCTS_DIR)/Kijkruimte.app/Kijkruimte";
				FRAMEWORK_SEARCH_PATHS = (
					"\"$(SDKROOT)/Developer/Library/Frameworks\"",
					"\"$(DEVELOPER_LIBRARY_DIR)/Frameworks\"",
				);
				GCC_PRECOMPILE_PREFIX_HEADER = YES;
				GCC_PREFIX_HEADER = "Kijkruimte/Kijkruimte-Prefix.pch";
				INFOPLIST_FILE = "KijkruimteTests/KijkruimteTests-Info.plist";
				PRODUCT_NAME = "$(TARGET_NAME)";
				TEST_HOST = "$(BUNDLE_LOADER)";
				WRAPPER_EXTENSION = octest;
			};
			name = Debug;
		};
		31AD0A951638424F000CFD7B /* Release */ = {
			isa = XCBuildConfiguration;
			buildSettings = {
				BUNDLE_LOADER = "$(BUILT_PRODUCTS_DIR)/Kijkruimte.app/Kijkruimte";
				FRAMEWORK_SEARCH_PATHS = (
					"\"$(SDKROOT)/Developer/Library/Frameworks\"",
					"\"$(DEVELOPER_LIBRARY_DIR)/Frameworks\"",
				);
				GCC_PRECOMPILE_PREFIX_HEADER = YES;
				GCC_PREFIX_HEADER = "Kijkruimte/Kijkruimte-Prefix.pch";
				INFOPLIST_FILE = "KijkruimteTests/KijkruimteTests-Info.plist";
				PRODUCT_NAME = "$(TARGET_NAME)";
				TEST_HOST = "$(BUNDLE_LOADER)";
				WRAPPER_EXTENSION = octest;
			};
			name = Release;
		};
/* End XCBuildConfiguration section */

/* Begin XCConfigurationList section */
		31AD0A511638424F000CFD7B /* Build configuration list for PBXProject "Kijkruimte" */ = {
			isa = XCConfigurationList;
			buildConfigurations = (
				31AD0A8E1638424F000CFD7B /* Debug */,
				31AD0A8F1638424F000CFD7B /* Release */,
			);
			defaultConfigurationIsVisible = 0;
			defaultConfigurationName = Release;
		};
		31AD0A901638424F000CFD7B /* Build configuration list for PBXNativeTarget "Kijkruimte" */ = {
			isa = XCConfigurationList;
			buildConfigurations = (
				31AD0A911638424F000CFD7B /* Debug */,
				31AD0A921638424F000CFD7B /* Release */,
			);
			defaultConfigurationIsVisible = 0;
			defaultConfigurationName = Release;
		};
		31AD0A931638424F000CFD7B /* Build configuration list for PBXNativeTarget "KijkruimteTests" */ = {
			isa = XCConfigurationList;
			buildConfigurations = (
				31AD0A941638424F000CFD7B /* Debug */,
				31AD0A951638424F000CFD7B /* Release */,
			);
			defaultConfigurationIsVisible = 0;
			defaultConfigurationName = Release;
		};
/* End XCConfigurationList section */
	};
	rootObject = 31AD0A4E1638424F000CFD7B /* Project object */;
}
